// !$*UTF8*$!
{
	archiveVersion = 1;
	classes = {
	};
	objectVersion = 55;
	objects = {

/* Begin PBXBuildFile section */
		551CD2DE28850A800037487D /* SignInViewController.swift in Sources */ = {isa = PBXBuildFile; fileRef = 551CD2DD28850A800037487D /* SignInViewController.swift */; };
		551CD2E128850C6A0037487D /* FirebaseAnalytics in Frameworks */ = {isa = PBXBuildFile; productRef = 551CD2E028850C6A0037487D /* FirebaseAnalytics */; };
		551CD2E328850C6A0037487D /* FirebaseAuth in Frameworks */ = {isa = PBXBuildFile; productRef = 551CD2E228850C6A0037487D /* FirebaseAuth */; };
		551CD2E528850C6A0037487D /* FirebaseFirestore in Frameworks */ = {isa = PBXBuildFile; productRef = 551CD2E428850C6A0037487D /* FirebaseFirestore */; };
		555951DF28879DB100B4BE91 /* GoogleService-Info.plist in Resources */ = {isa = PBXBuildFile; fileRef = 555951DE28879DB100B4BE91 /* GoogleService-Info.plist */; };
		55599E3C2886362900C05E81 /* CustomedLoginButton.swift in Sources */ = {isa = PBXBuildFile; fileRef = 55599E3B2886362900C05E81 /* CustomedLoginButton.swift */; };
		55C02311288A940D001511E3 /* SettingViewController.swift in Sources */ = {isa = PBXBuildFile; fileRef = 55C02310288A940D001511E3 /* SettingViewController.swift */; };
		55CF4C8F288BE81A0020DACC /* AccountSettingViewController.swift in Sources */ = {isa = PBXBuildFile; fileRef = 55CF4C8E288BE81A0020DACC /* AccountSettingViewController.swift */; };
		A40C3F5F2890048B004465D5 /* PokeToolViewController.swift in Sources */ = {isa = PBXBuildFile; fileRef = A40C3F5E2890048B004465D5 /* PokeToolViewController.swift */; };
		A40C3F61289012D9004465D5 /* DividerView.swift in Sources */ = {isa = PBXBuildFile; fileRef = A40C3F60289012D9004465D5 /* DividerView.swift */; };
		A419810F288508EC00CCFDBA /* UIColor+Extension.swift in Sources */ = {isa = PBXBuildFile; fileRef = A419810D288508EC00CCFDBA /* UIColor+Extension.swift */; };
		A48C939B288F747100BA09EF /* PokingTool.swift in Sources */ = {isa = PBXBuildFile; fileRef = A48C939A288F747100BA09EF /* PokingTool.swift */; };
		A48C93A7288F74D500BA09EF /* BigFork.scn in Resources */ = {isa = PBXBuildFile; fileRef = A48C939F288F74D500BA09EF /* BigFork.scn */; };
		A48C93A8288F74D500BA09EF /* Tools.scn in Resources */ = {isa = PBXBuildFile; fileRef = A48C93A0288F74D500BA09EF /* Tools.scn */; };
		A48C93A9288F74D500BA09EF /* BigWhisk.scn in Resources */ = {isa = PBXBuildFile; fileRef = A48C93A1288F74D500BA09EF /* BigWhisk.scn */; };
		A48C93AA288F74D500BA09EF /* BigSpoonVer2.obj in Resources */ = {isa = PBXBuildFile; fileRef = A48C93A2288F74D500BA09EF /* BigSpoonVer2.obj */; };
		A48C93AB288F74D500BA09EF /* BigWhisk.obj in Resources */ = {isa = PBXBuildFile; fileRef = A48C93A3288F74D500BA09EF /* BigWhisk.obj */; };
		A48C93AC288F74D500BA09EF /* BigFork.obj in Resources */ = {isa = PBXBuildFile; fileRef = A48C93A4288F74D500BA09EF /* BigFork.obj */; };
		A48C93AD288F74D500BA09EF /* BigSpoonVer2.scn in Resources */ = {isa = PBXBuildFile; fileRef = A48C93A5288F74D500BA09EF /* BigSpoonVer2.scn */; };
		A48C93AE288F74D500BA09EF /* Spatula.scn in Resources */ = {isa = PBXBuildFile; fileRef = A48C93A6288F74D500BA09EF /* Spatula.scn */; };
		BF7F91192886530A009D3809 /* ActionSheetView.swift in Sources */ = {isa = PBXBuildFile; fileRef = BF7F91182886530A009D3809 /* ActionSheetView.swift */; };
		BF8C5FA9288E5EE0002BF0BD /* UploadViewController.swift in Sources */ = {isa = PBXBuildFile; fileRef = BF8C5FA8288E5EDF002BF0BD /* UploadViewController.swift */; };
		BF8C5FAD288E655B002BF0BD /* TagContentCollectionViewCell.swift in Sources */ = {isa = PBXBuildFile; fileRef = BF8C5FAC288E655B002BF0BD /* TagContentCollectionViewCell.swift */; };
		BF8C5FAF288E6B21002BF0BD /* UploadTag.swift in Sources */ = {isa = PBXBuildFile; fileRef = BF8C5FAE288E6B21002BF0BD /* UploadTag.swift */; };
		CE46B5702888DB3D0074DEF0 /* TagLabel.swift in Sources */ = {isa = PBXBuildFile; fileRef = CE46B56F2888DB3D0074DEF0 /* TagLabel.swift */; };
		CE558B1528852DF800E98909 /* Tag.swift in Sources */ = {isa = PBXBuildFile; fileRef = CE558B1428852DF800E98909 /* Tag.swift */; };
		CE558B1728852DFB00E98909 /* Meal.swift in Sources */ = {isa = PBXBuildFile; fileRef = CE558B1628852DFB00E98909 /* Meal.swift */; };
		CE558B192885304500E98909 /* MainViewController.swift in Sources */ = {isa = PBXBuildFile; fileRef = CE558B182885304500E98909 /* MainViewController.swift */; };
		CE558B1D288530BC00E98909 /* Date+Today.swift in Sources */ = {isa = PBXBuildFile; fileRef = CE558B1C288530BC00E98909 /* Date+Today.swift */; };
		CE5B4F67288E7C6A00111ACC /* ReactionView.swift in Sources */ = {isa = PBXBuildFile; fileRef = CE5B4F65288E7C6A00111ACC /* ReactionView.swift */; };
		CE5B4F68288E7C6A00111ACC /* ReactionCollectionViewCell.swift in Sources */ = {isa = PBXBuildFile; fileRef = CE5B4F66288E7C6A00111ACC /* ReactionCollectionViewCell.swift */; };
		CE5B4F6C288E7C8B00111ACC /* Reaction.swift in Sources */ = {isa = PBXBuildFile; fileRef = CE5B4F6B288E7C8B00111ACC /* Reaction.swift */; };
		CE5B4F6E288E7C9D00111ACC /* MealDetailViewController.swift in Sources */ = {isa = PBXBuildFile; fileRef = CE5B4F6D288E7C9D00111ACC /* MealDetailViewController.swift */; };
		CE718850288E849D002CF653 /* EmptyMealCardView.swift in Sources */ = {isa = PBXBuildFile; fileRef = CE71884F288E849D002CF653 /* EmptyMealCardView.swift */; };
		CE73297D28865C8800CA87F1 /* MealCardCollectionViewCell.swift in Sources */ = {isa = PBXBuildFile; fileRef = CE73297C28865C8800CA87F1 /* MealCardCollectionViewCell.swift */; };
		CE73297F28869EB200CA87F1 /* FamilyFilterCollectionViewCell.swift in Sources */ = {isa = PBXBuildFile; fileRef = CE73297E28869EB200CA87F1 /* FamilyFilterCollectionViewCell.swift */; };
		CE73298128869FA300CA87F1 /* Family.swift in Sources */ = {isa = PBXBuildFile; fileRef = CE73298028869FA300CA87F1 /* Family.swift */; };
		CE9D233B28877E1F00D53332 /* MainTabViewController.swift in Sources */ = {isa = PBXBuildFile; fileRef = CE9D233A28877E1F00D53332 /* MainTabViewController.swift */; };
		CE9D233D28877F7100D53332 /* StatisticViewController.swift in Sources */ = {isa = PBXBuildFile; fileRef = CE9D233C28877F7100D53332 /* StatisticViewController.swift */; };
		CE9F965D287FA66C00783324 /* AppDelegate.swift in Sources */ = {isa = PBXBuildFile; fileRef = CE9F965C287FA66C00783324 /* AppDelegate.swift */; };
		CE9F965F287FA66C00783324 /* SceneDelegate.swift in Sources */ = {isa = PBXBuildFile; fileRef = CE9F965E287FA66C00783324 /* SceneDelegate.swift */; };
		CE9F9661287FA66C00783324 /* ViewController.swift in Sources */ = {isa = PBXBuildFile; fileRef = CE9F9660287FA66C00783324 /* ViewController.swift */; };
		CE9F9666287FA66F00783324 /* Assets.xcassets in Resources */ = {isa = PBXBuildFile; fileRef = CE9F9665287FA66F00783324 /* Assets.xcassets */; };
		CE9F9674287FA8A600783324 /* .swiftlint.yml in Resources */ = {isa = PBXBuildFile; fileRef = CE9F9673287FA8A600783324 /* .swiftlint.yml */; };
		CEC362D8288ACDE40037CBCE /* CameraViewController.swift in Sources */ = {isa = PBXBuildFile; fileRef = CEC362D7288ACDE40037CBCE /* CameraViewController.swift */; };
		CEF62DA62891A58F00ED0481 /* CreateFamilyViewController.swift in Sources */ = {isa = PBXBuildFile; fileRef = CEF62DA52891A58F00ED0481 /* CreateFamilyViewController.swift */; };
/* End PBXBuildFile section */

/* Begin PBXFileReference section */
		551CD2DD28850A800037487D /* SignInViewController.swift */ = {isa = PBXFileReference; lastKnownFileType = sourcecode.swift; path = SignInViewController.swift; sourceTree = "<group>"; };
		555951DE28879DB100B4BE91 /* GoogleService-Info.plist */ = {isa = PBXFileReference; fileEncoding = 4; lastKnownFileType = text.plist.xml; path = "GoogleService-Info.plist"; sourceTree = "<group>"; };
		55599E3B2886362900C05E81 /* CustomedLoginButton.swift */ = {isa = PBXFileReference; lastKnownFileType = sourcecode.swift; path = CustomedLoginButton.swift; sourceTree = "<group>"; };
		55AA34B228854CB800C2D6D6 /* Puhaha.entitlements */ = {isa = PBXFileReference; lastKnownFileType = text.plist.entitlements; path = Puhaha.entitlements; sourceTree = "<group>"; };
		55C02310288A940D001511E3 /* SettingViewController.swift */ = {isa = PBXFileReference; lastKnownFileType = sourcecode.swift; path = SettingViewController.swift; sourceTree = "<group>"; };
		55CF4C8E288BE81A0020DACC /* AccountSettingViewController.swift */ = {isa = PBXFileReference; lastKnownFileType = sourcecode.swift; path = AccountSettingViewController.swift; sourceTree = "<group>"; };
		A40C3F5E2890048B004465D5 /* PokeToolViewController.swift */ = {isa = PBXFileReference; fileEncoding = 4; lastKnownFileType = sourcecode.swift; path = PokeToolViewController.swift; sourceTree = "<group>"; };
		A40C3F60289012D9004465D5 /* DividerView.swift */ = {isa = PBXFileReference; lastKnownFileType = sourcecode.swift; path = DividerView.swift; sourceTree = "<group>"; };
		A419810D288508EC00CCFDBA /* UIColor+Extension.swift */ = {isa = PBXFileReference; fileEncoding = 4; lastKnownFileType = sourcecode.swift; path = "UIColor+Extension.swift"; sourceTree = "<group>"; };
		A48C939A288F747100BA09EF /* PokingTool.swift */ = {isa = PBXFileReference; fileEncoding = 4; lastKnownFileType = sourcecode.swift; path = PokingTool.swift; sourceTree = "<group>"; };
		A48C939F288F74D500BA09EF /* BigFork.scn */ = {isa = PBXFileReference; lastKnownFileType = file.bplist; path = BigFork.scn; sourceTree = "<group>"; };
		A48C93A0288F74D500BA09EF /* Tools.scn */ = {isa = PBXFileReference; lastKnownFileType = file.bplist; path = Tools.scn; sourceTree = "<group>"; };
		A48C93A1288F74D500BA09EF /* BigWhisk.scn */ = {isa = PBXFileReference; lastKnownFileType = file.bplist; path = BigWhisk.scn; sourceTree = "<group>"; };
		A48C93A2288F74D500BA09EF /* BigSpoonVer2.obj */ = {isa = PBXFileReference; fileEncoding = 4; lastKnownFileType = text; path = BigSpoonVer2.obj; sourceTree = "<group>"; };
		A48C93A3288F74D500BA09EF /* BigWhisk.obj */ = {isa = PBXFileReference; fileEncoding = 4; lastKnownFileType = text; path = BigWhisk.obj; sourceTree = "<group>"; };
		A48C93A4288F74D500BA09EF /* BigFork.obj */ = {isa = PBXFileReference; fileEncoding = 4; lastKnownFileType = text; path = BigFork.obj; sourceTree = "<group>"; };
		A48C93A5288F74D500BA09EF /* BigSpoonVer2.scn */ = {isa = PBXFileReference; lastKnownFileType = file.bplist; path = BigSpoonVer2.scn; sourceTree = "<group>"; };
		A48C93A6288F74D500BA09EF /* Spatula.scn */ = {isa = PBXFileReference; lastKnownFileType = file.bplist; path = Spatula.scn; sourceTree = "<group>"; };
		BF7F91182886530A009D3809 /* ActionSheetView.swift */ = {isa = PBXFileReference; lastKnownFileType = sourcecode.swift; path = ActionSheetView.swift; sourceTree = "<group>"; };
		BF8C5FA8288E5EDF002BF0BD /* UploadViewController.swift */ = {isa = PBXFileReference; fileEncoding = 4; lastKnownFileType = sourcecode.swift; path = UploadViewController.swift; sourceTree = "<group>"; };
		BF8C5FAC288E655B002BF0BD /* TagContentCollectionViewCell.swift */ = {isa = PBXFileReference; lastKnownFileType = sourcecode.swift; path = TagContentCollectionViewCell.swift; sourceTree = "<group>"; };
		BF8C5FAE288E6B21002BF0BD /* UploadTag.swift */ = {isa = PBXFileReference; lastKnownFileType = sourcecode.swift; path = UploadTag.swift; sourceTree = "<group>"; };
		CE46B56F2888DB3D0074DEF0 /* TagLabel.swift */ = {isa = PBXFileReference; lastKnownFileType = sourcecode.swift; path = TagLabel.swift; sourceTree = "<group>"; };
		CE558B1428852DF800E98909 /* Tag.swift */ = {isa = PBXFileReference; lastKnownFileType = sourcecode.swift; path = Tag.swift; sourceTree = "<group>"; };
		CE558B1628852DFB00E98909 /* Meal.swift */ = {isa = PBXFileReference; lastKnownFileType = sourcecode.swift; path = Meal.swift; sourceTree = "<group>"; };
		CE558B182885304500E98909 /* MainViewController.swift */ = {isa = PBXFileReference; lastKnownFileType = sourcecode.swift; path = MainViewController.swift; sourceTree = "<group>"; };
		CE558B1C288530BC00E98909 /* Date+Today.swift */ = {isa = PBXFileReference; lastKnownFileType = sourcecode.swift; path = "Date+Today.swift"; sourceTree = "<group>"; };
		CE71884F288E849D002CF653 /* EmptyMealCardView.swift */ = {isa = PBXFileReference; fileEncoding = 4; lastKnownFileType = sourcecode.swift; path = EmptyMealCardView.swift; sourceTree = "<group>"; };
		CE5B4F65288E7C6A00111ACC /* ReactionView.swift */ = {isa = PBXFileReference; fileEncoding = 4; lastKnownFileType = sourcecode.swift; path = ReactionView.swift; sourceTree = "<group>"; };
		CE5B4F66288E7C6A00111ACC /* ReactionCollectionViewCell.swift */ = {isa = PBXFileReference; fileEncoding = 4; lastKnownFileType = sourcecode.swift; path = ReactionCollectionViewCell.swift; sourceTree = "<group>"; };
		CE5B4F6B288E7C8B00111ACC /* Reaction.swift */ = {isa = PBXFileReference; fileEncoding = 4; lastKnownFileType = sourcecode.swift; path = Reaction.swift; sourceTree = "<group>"; };
		CE5B4F6D288E7C9D00111ACC /* MealDetailViewController.swift */ = {isa = PBXFileReference; fileEncoding = 4; lastKnownFileType = sourcecode.swift; path = MealDetailViewController.swift; sourceTree = "<group>"; };
		CE73297C28865C8800CA87F1 /* MealCardCollectionViewCell.swift */ = {isa = PBXFileReference; lastKnownFileType = sourcecode.swift; path = MealCardCollectionViewCell.swift; sourceTree = "<group>"; };
		CE73297E28869EB200CA87F1 /* FamilyFilterCollectionViewCell.swift */ = {isa = PBXFileReference; lastKnownFileType = sourcecode.swift; path = FamilyFilterCollectionViewCell.swift; sourceTree = "<group>"; };
		CE73298028869FA300CA87F1 /* Family.swift */ = {isa = PBXFileReference; lastKnownFileType = sourcecode.swift; path = Family.swift; sourceTree = "<group>"; };
		CE9D233A28877E1F00D53332 /* MainTabViewController.swift */ = {isa = PBXFileReference; lastKnownFileType = sourcecode.swift; path = MainTabViewController.swift; sourceTree = "<group>"; };
		CE9D233C28877F7100D53332 /* StatisticViewController.swift */ = {isa = PBXFileReference; lastKnownFileType = sourcecode.swift; path = StatisticViewController.swift; sourceTree = "<group>"; };
		CE9F9659287FA66C00783324 /* Puhaha.app */ = {isa = PBXFileReference; explicitFileType = wrapper.application; includeInIndex = 0; path = Puhaha.app; sourceTree = BUILT_PRODUCTS_DIR; };
		CE9F965C287FA66C00783324 /* AppDelegate.swift */ = {isa = PBXFileReference; lastKnownFileType = sourcecode.swift; path = AppDelegate.swift; sourceTree = "<group>"; };
		CE9F965E287FA66C00783324 /* SceneDelegate.swift */ = {isa = PBXFileReference; lastKnownFileType = sourcecode.swift; path = SceneDelegate.swift; sourceTree = "<group>"; };
		CE9F9660287FA66C00783324 /* ViewController.swift */ = {isa = PBXFileReference; lastKnownFileType = sourcecode.swift; path = ViewController.swift; sourceTree = "<group>"; };
		CE9F9665287FA66F00783324 /* Assets.xcassets */ = {isa = PBXFileReference; lastKnownFileType = folder.assetcatalog; path = Assets.xcassets; sourceTree = "<group>"; };
		CE9F966A287FA66F00783324 /* Info.plist */ = {isa = PBXFileReference; lastKnownFileType = text.plist.xml; path = Info.plist; sourceTree = "<group>"; };
		CE9F9673287FA8A600783324 /* .swiftlint.yml */ = {isa = PBXFileReference; fileEncoding = 4; lastKnownFileType = text.yaml; path = .swiftlint.yml; sourceTree = "<group>"; };
		CEC362D7288ACDE40037CBCE /* CameraViewController.swift */ = {isa = PBXFileReference; fileEncoding = 4; lastKnownFileType = sourcecode.swift; path = CameraViewController.swift; sourceTree = "<group>"; };
		CEF62DA52891A58F00ED0481 /* CreateFamilyViewController.swift */ = {isa = PBXFileReference; lastKnownFileType = sourcecode.swift; path = CreateFamilyViewController.swift; sourceTree = "<group>"; };
/* End PBXFileReference section */

/* Begin PBXFrameworksBuildPhase section */
		CE9F9656287FA66C00783324 /* Frameworks */ = {
			isa = PBXFrameworksBuildPhase;
			buildActionMask = 2147483647;
			files = (
				551CD2E128850C6A0037487D /* FirebaseAnalytics in Frameworks */,
				551CD2E328850C6A0037487D /* FirebaseAuth in Frameworks */,
				551CD2E528850C6A0037487D /* FirebaseFirestore in Frameworks */,
			);
			runOnlyForDeploymentPostprocessing = 0;
		};
/* End PBXFrameworksBuildPhase section */

/* Begin PBXGroup section */
		A4198110288508FA00CCFDBA /* Global */ = {
			isa = PBXGroup;
			children = (
				CE46B56E2888DB230074DEF0 /* UIViews */,
				A41981112885090300CCFDBA /* Extensioon */,
			);
			path = Global;
			sourceTree = "<group>";
		};
		A41981112885090300CCFDBA /* Extensioon */ = {
			isa = PBXGroup;
			children = (
				A419810D288508EC00CCFDBA /* UIColor+Extension.swift */,
				CE558B1C288530BC00E98909 /* Date+Today.swift */,
				55599E3B2886362900C05E81 /* CustomedLoginButton.swift */,
			);
			path = Extensioon;
			sourceTree = "<group>";
		};
		A48C939E288F74BE00BA09EF /* Resources */ = {
			isa = PBXGroup;
			children = (
				A48C93A4288F74D500BA09EF /* BigFork.obj */,
				A48C939F288F74D500BA09EF /* BigFork.scn */,
				A48C93A2288F74D500BA09EF /* BigSpoonVer2.obj */,
				A48C93A5288F74D500BA09EF /* BigSpoonVer2.scn */,
				A48C93A3288F74D500BA09EF /* BigWhisk.obj */,
				A48C93A1288F74D500BA09EF /* BigWhisk.scn */,
				A48C93A6288F74D500BA09EF /* Spatula.scn */,
				A48C93A0288F74D500BA09EF /* Tools.scn */,
			);
			path = Resources;
			sourceTree = "<group>";
		};
		CE46B56E2888DB230074DEF0 /* UIViews */ = {
			isa = PBXGroup;
			children = (
				CE46B56F2888DB3D0074DEF0 /* TagLabel.swift */,
			);
			path = UIViews;
			sourceTree = "<group>";
		};
		CE9F9650287FA66C00783324 = {
			isa = PBXGroup;
			children = (
				CE9F965B287FA66C00783324 /* Puhaha */,
				CE9F965A287FA66C00783324 /* Products */,
			);
			sourceTree = "<group>";
		};
		CE9F965A287FA66C00783324 /* Products */ = {
			isa = PBXGroup;
			children = (
				CE9F9659287FA66C00783324 /* Puhaha.app */,
			);
			name = Products;
			sourceTree = "<group>";
		};
		CE9F965B287FA66C00783324 /* Puhaha */ = {
			isa = PBXGroup;
			children = (
				A48C939E288F74BE00BA09EF /* Resources */,
				55AA34B228854CB800C2D6D6 /* Puhaha.entitlements */,
				A4198110288508FA00CCFDBA /* Global */,
				CE9F9672287FA69400783324 /* Models */,
				CE9F9671287FA68C00783324 /* Controllers */,
				CE9F9670287FA67B00783324 /* Views */,
				CE9F965C287FA66C00783324 /* AppDelegate.swift */,
				CE9F965E287FA66C00783324 /* SceneDelegate.swift */,
				CE9F9660287FA66C00783324 /* ViewController.swift */,
				CE9F9665287FA66F00783324 /* Assets.xcassets */,
				CE9F966A287FA66F00783324 /* Info.plist */,
				555951DE28879DB100B4BE91 /* GoogleService-Info.plist */,
				CE9F9673287FA8A600783324 /* .swiftlint.yml */,
			);
			path = Puhaha;
			sourceTree = "<group>";
		};
		CE9F9670287FA67B00783324 /* Views */ = {
			isa = PBXGroup;
			children = (
				CE5B4F66288E7C6A00111ACC /* ReactionCollectionViewCell.swift */,
				CE5B4F65288E7C6A00111ACC /* ReactionView.swift */,
				CE71884F288E849D002CF653 /* EmptyMealCardView.swift */,
				CE73297C28865C8800CA87F1 /* MealCardCollectionViewCell.swift */,
				CE73297E28869EB200CA87F1 /* FamilyFilterCollectionViewCell.swift */,
				BF7F91182886530A009D3809 /* ActionSheetView.swift */,
				A40C3F60289012D9004465D5 /* DividerView.swift */,
				BF8C5FAC288E655B002BF0BD /* TagContentCollectionViewCell.swift */,
			);
			path = Views;
			sourceTree = "<group>";
		};
		CE9F9671287FA68C00783324 /* Controllers */ = {
			isa = PBXGroup;
			children = (
				A40C3F5E2890048B004465D5 /* PokeToolViewController.swift */,
				CE5B4F6D288E7C9D00111ACC /* MealDetailViewController.swift */,
				CEC362D7288ACDE40037CBCE /* CameraViewController.swift */,
				BF8C5FA8288E5EDF002BF0BD /* UploadViewController.swift */,
				551CD2DD28850A800037487D /* SignInViewController.swift */,
				55C02310288A940D001511E3 /* SettingViewController.swift */,
				55CF4C8E288BE81A0020DACC /* AccountSettingViewController.swift */,
				CE558B182885304500E98909 /* MainViewController.swift */,
				CE9D233A28877E1F00D53332 /* MainTabViewController.swift */,
				CE9D233C28877F7100D53332 /* StatisticViewController.swift */
				CEF62DA52891A58F00ED0481 /* CreateFamilyViewController.swift */,
			);
			path = Controllers;
			sourceTree = "<group>";
		};
		CE9F9672287FA69400783324 /* Models */ = {
			isa = PBXGroup;
			children = (
				A48C939A288F747100BA09EF /* PokingTool.swift */,
				CE558B1428852DF800E98909 /* Tag.swift */,
				CE558B1628852DFB00E98909 /* Meal.swift */,
				CE73298028869FA300CA87F1 /* Family.swift */,
				BF8C5FAE288E6B21002BF0BD /* UploadTag.swift */,
				CE5B4F6B288E7C8B00111ACC /* Reaction.swift */,
			);
			path = Models;
			sourceTree = "<group>";
		};
/* End PBXGroup section */

/* Begin PBXNativeTarget section */
		CE9F9658287FA66C00783324 /* Puhaha */ = {
			isa = PBXNativeTarget;
			buildConfigurationList = CE9F966D287FA66F00783324 /* Build configuration list for PBXNativeTarget "Puhaha" */;
			buildPhases = (
				CE9F9675287FA8E900783324 /* ShellScript */,
				CE9F9655287FA66C00783324 /* Sources */,
				CE9F9656287FA66C00783324 /* Frameworks */,
				CE9F9657287FA66C00783324 /* Resources */,
			);
			buildRules = (
			);
			dependencies = (
			);
			name = Puhaha;
			packageProductDependencies = (
				551CD2E028850C6A0037487D /* FirebaseAnalytics */,
				551CD2E228850C6A0037487D /* FirebaseAuth */,
				551CD2E428850C6A0037487D /* FirebaseFirestore */,
			);
			productName = Puhaha;
			productReference = CE9F9659287FA66C00783324 /* Puhaha.app */;
			productType = "com.apple.product-type.application";
		};
/* End PBXNativeTarget section */

/* Begin PBXProject section */
		CE9F9651287FA66C00783324 /* Project object */ = {
			isa = PBXProject;
			attributes = {
				BuildIndependentTargetsInParallel = 1;
				LastSwiftUpdateCheck = 1340;
				LastUpgradeCheck = 1340;
				TargetAttributes = {
					CE9F9658287FA66C00783324 = {
						CreatedOnToolsVersion = 13.4.1;
					};
				};
			};
			buildConfigurationList = CE9F9654287FA66C00783324 /* Build configuration list for PBXProject "Puhaha" */;
			compatibilityVersion = "Xcode 13.0";
			developmentRegion = en;
			hasScannedForEncodings = 0;
			knownRegions = (
				en,
				Base,
			);
			mainGroup = CE9F9650287FA66C00783324;
			packageReferences = (
				551CD2DF28850C6A0037487D /* XCRemoteSwiftPackageReference "firebase-ios-sdk" */,
			);
			productRefGroup = CE9F965A287FA66C00783324 /* Products */;
			projectDirPath = "";
			projectRoot = "";
			targets = (
				CE9F9658287FA66C00783324 /* Puhaha */,
			);
		};
/* End PBXProject section */

/* Begin PBXResourcesBuildPhase section */
		CE9F9657287FA66C00783324 /* Resources */ = {
			isa = PBXResourcesBuildPhase;
			buildActionMask = 2147483647;
			files = (
				CE9F9674287FA8A600783324 /* .swiftlint.yml in Resources */,
				A48C93A7288F74D500BA09EF /* BigFork.scn in Resources */,
				A48C93AD288F74D500BA09EF /* BigSpoonVer2.scn in Resources */,
				A48C93AC288F74D500BA09EF /* BigFork.obj in Resources */,
				A48C93A9288F74D500BA09EF /* BigWhisk.scn in Resources */,
				CE9F9666287FA66F00783324 /* Assets.xcassets in Resources */,
				555951DF28879DB100B4BE91 /* GoogleService-Info.plist in Resources */,
				A48C93AE288F74D500BA09EF /* Spatula.scn in Resources */,
				A48C93AB288F74D500BA09EF /* BigWhisk.obj in Resources */,
				A48C93A8288F74D500BA09EF /* Tools.scn in Resources */,
				A48C93AA288F74D500BA09EF /* BigSpoonVer2.obj in Resources */,
			);
			runOnlyForDeploymentPostprocessing = 0;
		};
/* End PBXResourcesBuildPhase section */

/* Begin PBXShellScriptBuildPhase section */
		CE9F9675287FA8E900783324 /* ShellScript */ = {
			isa = PBXShellScriptBuildPhase;
			buildActionMask = 2147483647;
			files = (
			);
			inputFileListPaths = (
			);
			inputPaths = (
			);
			outputFileListPaths = (
			);
			outputPaths = (
			);
			runOnlyForDeploymentPostprocessing = 0;
			shellPath = /bin/sh;
			shellScript = "# Type a script or drag a script file from your workspace to insert its path.\nexport PATH=\"$PATH:/opt/homebrew/bin\"\nif which swiftlint > /dev/null; then\n  swiftlint\nelse\n  echo \"warning: SwiftLint not installed, download from https://github.com/realm/SwiftLint\"\nfi\n";
		};
/* End PBXShellScriptBuildPhase section */

/* Begin PBXSourcesBuildPhase section */
		CE9F9655287FA66C00783324 /* Sources */ = {
			isa = PBXSourcesBuildPhase;
			buildActionMask = 2147483647;
			files = (
				CEF62DA62891A58F00ED0481 /* CreateFamilyViewController.swift in Sources */,
				55599E3C2886362900C05E81 /* CustomedLoginButton.swift in Sources */,
				BF8C5FA9288E5EE0002BF0BD /* UploadViewController.swift in Sources */,
				CE718850288E849D002CF653 /* EmptyMealCardView.swift in Sources */,
				551CD2DE28850A800037487D /* SignInViewController.swift in Sources */,
				CE5B4F6E288E7C9D00111ACC /* MealDetailViewController.swift in Sources */,
				CE73297D28865C8800CA87F1 /* MealCardCollectionViewCell.swift in Sources */,
				CE46B5702888DB3D0074DEF0 /* TagLabel.swift in Sources */,
				CE558B1528852DF800E98909 /* Tag.swift in Sources */,
				A48C939B288F747100BA09EF /* PokingTool.swift in Sources */,
				BF8C5FAF288E6B21002BF0BD /* UploadTag.swift in Sources */,
				CE9F9661287FA66C00783324 /* ViewController.swift in Sources */,
				CE9D233D28877F7100D53332 /* StatisticViewController.swift in Sources */,
				A40C3F5F2890048B004465D5 /* PokeToolViewController.swift in Sources */,
				CE558B1728852DFB00E98909 /* Meal.swift in Sources */,
				CE558B1D288530BC00E98909 /* Date+Today.swift in Sources */,
				CE5B4F67288E7C6A00111ACC /* ReactionView.swift in Sources */,
				CE9D233B28877E1F00D53332 /* MainTabViewController.swift in Sources */,
				BF8C5FAD288E655B002BF0BD /* TagContentCollectionViewCell.swift in Sources */,
				CE9F965D287FA66C00783324 /* AppDelegate.swift in Sources */,
				55C02311288A940D001511E3 /* SettingViewController.swift in Sources */,
				CE9F965F287FA66C00783324 /* SceneDelegate.swift in Sources */,
				A419810F288508EC00CCFDBA /* UIColor+Extension.swift in Sources */,
				CE5B4F6C288E7C8B00111ACC /* Reaction.swift in Sources */,
				BF7F91192886530A009D3809 /* ActionSheetView.swift in Sources */,
				55CF4C8F288BE81A0020DACC /* AccountSettingViewController.swift in Sources */,
				A40C3F61289012D9004465D5 /* DividerView.swift in Sources */,
				CE73298128869FA300CA87F1 /* Family.swift in Sources */,
				CEC362D8288ACDE40037CBCE /* CameraViewController.swift in Sources */,
				CE5B4F68288E7C6A00111ACC /* ReactionCollectionViewCell.swift in Sources */,
				CE558B192885304500E98909 /* MainViewController.swift in Sources */,
				CE73297F28869EB200CA87F1 /* FamilyFilterCollectionViewCell.swift in Sources */
			);
			runOnlyForDeploymentPostprocessing = 0;
		};
/* End PBXSourcesBuildPhase section */

/* Begin XCBuildConfiguration section */
		CE9F966B287FA66F00783324 /* Debug */ = {
			isa = XCBuildConfiguration;
			buildSettings = {
				ALWAYS_SEARCH_USER_PATHS = NO;
				CLANG_ANALYZER_NONNULL = YES;
				CLANG_ANALYZER_NUMBER_OBJECT_CONVERSION = YES_AGGRESSIVE;
				CLANG_CXX_LANGUAGE_STANDARD = "gnu++17";
				CLANG_ENABLE_MODULES = YES;
				CLANG_ENABLE_OBJC_ARC = YES;
				CLANG_ENABLE_OBJC_WEAK = YES;
				CLANG_WARN_BLOCK_CAPTURE_AUTORELEASING = YES;
				CLANG_WARN_BOOL_CONVERSION = YES;
				CLANG_WARN_COMMA = YES;
				CLANG_WARN_CONSTANT_CONVERSION = YES;
				CLANG_WARN_DEPRECATED_OBJC_IMPLEMENTATIONS = YES;
				CLANG_WARN_DIRECT_OBJC_ISA_USAGE = YES_ERROR;
				CLANG_WARN_DOCUMENTATION_COMMENTS = YES;
				CLANG_WARN_EMPTY_BODY = YES;
				CLANG_WARN_ENUM_CONVERSION = YES;
				CLANG_WARN_INFINITE_RECURSION = YES;
				CLANG_WARN_INT_CONVERSION = YES;
				CLANG_WARN_NON_LITERAL_NULL_CONVERSION = YES;
				CLANG_WARN_OBJC_IMPLICIT_RETAIN_SELF = YES;
				CLANG_WARN_OBJC_LITERAL_CONVERSION = YES;
				CLANG_WARN_OBJC_ROOT_CLASS = YES_ERROR;
				CLANG_WARN_QUOTED_INCLUDE_IN_FRAMEWORK_HEADER = YES;
				CLANG_WARN_RANGE_LOOP_ANALYSIS = YES;
				CLANG_WARN_STRICT_PROTOTYPES = YES;
				CLANG_WARN_SUSPICIOUS_MOVE = YES;
				CLANG_WARN_UNGUARDED_AVAILABILITY = YES_AGGRESSIVE;
				CLANG_WARN_UNREACHABLE_CODE = YES;
				CLANG_WARN__DUPLICATE_METHOD_MATCH = YES;
				COPY_PHASE_STRIP = NO;
				DEBUG_INFORMATION_FORMAT = dwarf;
				ENABLE_STRICT_OBJC_MSGSEND = YES;
				ENABLE_TESTABILITY = YES;
				GCC_C_LANGUAGE_STANDARD = gnu11;
				GCC_DYNAMIC_NO_PIC = NO;
				GCC_NO_COMMON_BLOCKS = YES;
				GCC_OPTIMIZATION_LEVEL = 0;
				GCC_PREPROCESSOR_DEFINITIONS = (
					"DEBUG=1",
					"$(inherited)",
				);
				GCC_WARN_64_TO_32_BIT_CONVERSION = YES;
				GCC_WARN_ABOUT_RETURN_TYPE = YES_ERROR;
				GCC_WARN_UNDECLARED_SELECTOR = YES;
				GCC_WARN_UNINITIALIZED_AUTOS = YES_AGGRESSIVE;
				GCC_WARN_UNUSED_FUNCTION = YES;
				GCC_WARN_UNUSED_VARIABLE = YES;
				IPHONEOS_DEPLOYMENT_TARGET = 15.5;
				MTL_ENABLE_DEBUG_INFO = INCLUDE_SOURCE;
				MTL_FAST_MATH = YES;
				ONLY_ACTIVE_ARCH = YES;
				SDKROOT = iphoneos;
				SWIFT_ACTIVE_COMPILATION_CONDITIONS = DEBUG;
				SWIFT_OPTIMIZATION_LEVEL = "-Onone";
			};
			name = Debug;
		};
		CE9F966C287FA66F00783324 /* Release */ = {
			isa = XCBuildConfiguration;
			buildSettings = {
				ALWAYS_SEARCH_USER_PATHS = NO;
				CLANG_ANALYZER_NONNULL = YES;
				CLANG_ANALYZER_NUMBER_OBJECT_CONVERSION = YES_AGGRESSIVE;
				CLANG_CXX_LANGUAGE_STANDARD = "gnu++17";
				CLANG_ENABLE_MODULES = YES;
				CLANG_ENABLE_OBJC_ARC = YES;
				CLANG_ENABLE_OBJC_WEAK = YES;
				CLANG_WARN_BLOCK_CAPTURE_AUTORELEASING = YES;
				CLANG_WARN_BOOL_CONVERSION = YES;
				CLANG_WARN_COMMA = YES;
				CLANG_WARN_CONSTANT_CONVERSION = YES;
				CLANG_WARN_DEPRECATED_OBJC_IMPLEMENTATIONS = YES;
				CLANG_WARN_DIRECT_OBJC_ISA_USAGE = YES_ERROR;
				CLANG_WARN_DOCUMENTATION_COMMENTS = YES;
				CLANG_WARN_EMPTY_BODY = YES;
				CLANG_WARN_ENUM_CONVERSION = YES;
				CLANG_WARN_INFINITE_RECURSION = YES;
				CLANG_WARN_INT_CONVERSION = YES;
				CLANG_WARN_NON_LITERAL_NULL_CONVERSION = YES;
				CLANG_WARN_OBJC_IMPLICIT_RETAIN_SELF = YES;
				CLANG_WARN_OBJC_LITERAL_CONVERSION = YES;
				CLANG_WARN_OBJC_ROOT_CLASS = YES_ERROR;
				CLANG_WARN_QUOTED_INCLUDE_IN_FRAMEWORK_HEADER = YES;
				CLANG_WARN_RANGE_LOOP_ANALYSIS = YES;
				CLANG_WARN_STRICT_PROTOTYPES = YES;
				CLANG_WARN_SUSPICIOUS_MOVE = YES;
				CLANG_WARN_UNGUARDED_AVAILABILITY = YES_AGGRESSIVE;
				CLANG_WARN_UNREACHABLE_CODE = YES;
				CLANG_WARN__DUPLICATE_METHOD_MATCH = YES;
				COPY_PHASE_STRIP = NO;
				DEBUG_INFORMATION_FORMAT = "dwarf-with-dsym";
				ENABLE_NS_ASSERTIONS = NO;
				ENABLE_STRICT_OBJC_MSGSEND = YES;
				GCC_C_LANGUAGE_STANDARD = gnu11;
				GCC_NO_COMMON_BLOCKS = YES;
				GCC_WARN_64_TO_32_BIT_CONVERSION = YES;
				GCC_WARN_ABOUT_RETURN_TYPE = YES_ERROR;
				GCC_WARN_UNDECLARED_SELECTOR = YES;
				GCC_WARN_UNINITIALIZED_AUTOS = YES_AGGRESSIVE;
				GCC_WARN_UNUSED_FUNCTION = YES;
				GCC_WARN_UNUSED_VARIABLE = YES;
				IPHONEOS_DEPLOYMENT_TARGET = 15.5;
				MTL_ENABLE_DEBUG_INFO = NO;
				MTL_FAST_MATH = YES;
				SDKROOT = iphoneos;
				SWIFT_COMPILATION_MODE = wholemodule;
				SWIFT_OPTIMIZATION_LEVEL = "-O";
				VALIDATE_PRODUCT = YES;
			};
			name = Release;
		};
		CE9F966E287FA66F00783324 /* Debug */ = {
			isa = XCBuildConfiguration;
			buildSettings = {
				ASSETCATALOG_COMPILER_APPICON_NAME = AppIcon;
				ASSETCATALOG_COMPILER_GLOBAL_ACCENT_COLOR_NAME = AccentColor;
				CODE_SIGN_ENTITLEMENTS = Puhaha/Puhaha.entitlements;
				CODE_SIGN_STYLE = Automatic;
				CURRENT_PROJECT_VERSION = 1;
				DEVELOPMENT_TEAM = 744MUUC77P;
				GENERATE_INFOPLIST_FILE = YES;
				INFOPLIST_FILE = Puhaha/Info.plist;
				INFOPLIST_KEY_NSCameraUsageDescription = "카메라 사용권한을 허용해주세요.";
				INFOPLIST_KEY_UIApplicationSupportsIndirectInputEvents = YES;
				INFOPLIST_KEY_UILaunchStoryboardName = LaunchScreen;
				INFOPLIST_KEY_UISupportedInterfaceOrientations_iPad = "UIInterfaceOrientationPortrait UIInterfaceOrientationPortraitUpsideDown UIInterfaceOrientationLandscapeLeft UIInterfaceOrientationLandscapeRight";
				INFOPLIST_KEY_UISupportedInterfaceOrientations_iPhone = "UIInterfaceOrientationPortrait UIInterfaceOrientationLandscapeLeft UIInterfaceOrientationLandscapeRight";
				LD_RUNPATH_SEARCH_PATHS = (
					"$(inherited)",
					"@executable_path/Frameworks",
				);
				MARKETING_VERSION = 1.0;
				PRODUCT_BUNDLE_IDENTIFIER = com.anjian.mc3.puhaha;
				PRODUCT_NAME = "$(TARGET_NAME)";
				SWIFT_EMIT_LOC_STRINGS = YES;
				SWIFT_VERSION = 5.0;
				TARGETED_DEVICE_FAMILY = "1,2";
			};
			name = Debug;
		};
		CE9F966F287FA66F00783324 /* Release */ = {
			isa = XCBuildConfiguration;
			buildSettings = {
				ASSETCATALOG_COMPILER_APPICON_NAME = AppIcon;
				ASSETCATALOG_COMPILER_GLOBAL_ACCENT_COLOR_NAME = AccentColor;
				CODE_SIGN_ENTITLEMENTS = Puhaha/Puhaha.entitlements;
				CODE_SIGN_STYLE = Automatic;
				CURRENT_PROJECT_VERSION = 1;
				DEVELOPMENT_TEAM = 744MUUC77P;
				GENERATE_INFOPLIST_FILE = YES;
				INFOPLIST_FILE = Puhaha/Info.plist;
				INFOPLIST_KEY_NSCameraUsageDescription = "카메라 사용권한을 허용해주세요.";
				INFOPLIST_KEY_UIApplicationSupportsIndirectInputEvents = YES;
				INFOPLIST_KEY_UILaunchStoryboardName = LaunchScreen;
				INFOPLIST_KEY_UISupportedInterfaceOrientations_iPad = "UIInterfaceOrientationPortrait UIInterfaceOrientationPortraitUpsideDown UIInterfaceOrientationLandscapeLeft UIInterfaceOrientationLandscapeRight";
				INFOPLIST_KEY_UISupportedInterfaceOrientations_iPhone = "UIInterfaceOrientationPortrait UIInterfaceOrientationLandscapeLeft UIInterfaceOrientationLandscapeRight";
				LD_RUNPATH_SEARCH_PATHS = (
					"$(inherited)",
					"@executable_path/Frameworks",
				);
				MARKETING_VERSION = 1.0;
				PRODUCT_BUNDLE_IDENTIFIER = com.anjian.Puhahaa;
				PRODUCT_NAME = "$(TARGET_NAME)";
				SWIFT_EMIT_LOC_STRINGS = YES;
				SWIFT_VERSION = 5.0;
				TARGETED_DEVICE_FAMILY = "1,2";
			};
			name = Release;
		};
/* End XCBuildConfiguration section */

/* Begin XCConfigurationList section */
		CE9F9654287FA66C00783324 /* Build configuration list for PBXProject "Puhaha" */ = {
			isa = XCConfigurationList;
			buildConfigurations = (
				CE9F966B287FA66F00783324 /* Debug */,
				CE9F966C287FA66F00783324 /* Release */,
			);
			defaultConfigurationIsVisible = 0;
			defaultConfigurationName = Release;
		};
		CE9F966D287FA66F00783324 /* Build configuration list for PBXNativeTarget "Puhaha" */ = {
			isa = XCConfigurationList;
			buildConfigurations = (
				CE9F966E287FA66F00783324 /* Debug */,
				CE9F966F287FA66F00783324 /* Release */,
			);
			defaultConfigurationIsVisible = 0;
			defaultConfigurationName = Release;
		};
/* End XCConfigurationList section */

/* Begin XCRemoteSwiftPackageReference section */
		551CD2DF28850C6A0037487D /* XCRemoteSwiftPackageReference "firebase-ios-sdk" */ = {
			isa = XCRemoteSwiftPackageReference;
			repositoryURL = "https://github.com/firebase/firebase-ios-sdk";
			requirement = {
				branch = master;
				kind = branch;
			};
		};
/* End XCRemoteSwiftPackageReference section */

/* Begin XCSwiftPackageProductDependency section */
		551CD2E028850C6A0037487D /* FirebaseAnalytics */ = {
			isa = XCSwiftPackageProductDependency;
			package = 551CD2DF28850C6A0037487D /* XCRemoteSwiftPackageReference "firebase-ios-sdk" */;
			productName = FirebaseAnalytics;
		};
		551CD2E228850C6A0037487D /* FirebaseAuth */ = {
			isa = XCSwiftPackageProductDependency;
			package = 551CD2DF28850C6A0037487D /* XCRemoteSwiftPackageReference "firebase-ios-sdk" */;
			productName = FirebaseAuth;
		};
		551CD2E428850C6A0037487D /* FirebaseFirestore */ = {
			isa = XCSwiftPackageProductDependency;
			package = 551CD2DF28850C6A0037487D /* XCRemoteSwiftPackageReference "firebase-ios-sdk" */;
			productName = FirebaseFirestore;
		};
/* End XCSwiftPackageProductDependency section */
	};
	rootObject = CE9F9651287FA66C00783324 /* Project object */;
}
