// !$*UTF8*$!
{
	archiveVersion = 1;
	classes = {
	};
	objectVersion = 55;
	objects = {

/* Begin PBXBuildFile section */
		CE6A233728FBDD06004E7EA7 /* CustomedButton.swift in Sources */ = {isa = PBXBuildFile; fileRef = 55599E3B2886362900C05E81 /* CustomedButton.swift */; };
		CE6A233828FBDD06004E7EA7 /* String+Extenstion.swift in Sources */ = {isa = PBXBuildFile; fileRef = CE45191628A8E0EC00D1FB21 /* String+Extenstion.swift */; };
		CE6A233928FBDD06004E7EA7 /* FirestoreManager.swift in Sources */ = {isa = PBXBuildFile; fileRef = CE33B79A2896592F0054F9CD /* FirestoreManager.swift */; };
		CE6A233A28FBDD06004E7EA7 /* UploadViewController.swift in Sources */ = {isa = PBXBuildFile; fileRef = BF8C5FA8288E5EDF002BF0BD /* UploadViewController.swift */; };
		CE6A233B28FBDD06004E7EA7 /* MainViewController+DataSource.swift in Sources */ = {isa = PBXBuildFile; fileRef = CE9AE1922891271700F4253D /* MainViewController+DataSource.swift */; };
		CE6A233C28FBDD06004E7EA7 /* MainViewController+Delegate.swift in Sources */ = {isa = PBXBuildFile; fileRef = CE9AE1902891270500F4253D /* MainViewController+Delegate.swift */; };
		CE6A233D28FBDD06004E7EA7 /* EmptyMealCardView.swift in Sources */ = {isa = PBXBuildFile; fileRef = CE71884F288E849D002CF653 /* EmptyMealCardView.swift */; };
		CE6A233E28FBDD06004E7EA7 /* EmoticonView.swift in Sources */ = {isa = PBXBuildFile; fileRef = CEE6DDAA28A14AA300D58230 /* EmoticonView.swift */; };
		CE6A233F28FBDD06004E7EA7 /* SignInViewController.swift in Sources */ = {isa = PBXBuildFile; fileRef = 551CD2DD28850A800037487D /* SignInViewController.swift */; };
		CE6A234028FBDD06004E7EA7 /* MealDetailViewController.swift in Sources */ = {isa = PBXBuildFile; fileRef = CE5B4F6D288E7C9D00111ACC /* MealDetailViewController.swift */; };
		CE6A234128FBDD06004E7EA7 /* MealCardCollectionViewCell.swift in Sources */ = {isa = PBXBuildFile; fileRef = CE73297C28865C8800CA87F1 /* MealCardCollectionViewCell.swift */; };
		CE6A234228FBDD06004E7EA7 /* TagLabel.swift in Sources */ = {isa = PBXBuildFile; fileRef = CE46B56F2888DB3D0074DEF0 /* TagLabel.swift */; };
		CE6A234328FBDD06004E7EA7 /* EmoticonCell.swift in Sources */ = {isa = PBXBuildFile; fileRef = CEC190A428A27FB4000E239E /* EmoticonCell.swift */; };
		CE6A234428FBDD06004E7EA7 /* PokeState.swift in Sources */ = {isa = PBXBuildFile; fileRef = 556AADA52896654100A40F0B /* PokeState.swift */; };
		CE6A234528FBDD06004E7EA7 /* Tag.swift in Sources */ = {isa = PBXBuildFile; fileRef = CE558B1428852DF800E98909 /* Tag.swift */; };
		CE6A234628FBDD06004E7EA7 /* PokingTool.swift in Sources */ = {isa = PBXBuildFile; fileRef = A48C939A288F747100BA09EF /* PokingTool.swift */; };
		CE6A234728FBDD06004E7EA7 /* UploadTag.swift in Sources */ = {isa = PBXBuildFile; fileRef = BF8C5FAE288E6B21002BF0BD /* UploadTag.swift */; };
		CE6A234828FBDD06004E7EA7 /* NameEditingViewController.swift in Sources */ = {isa = PBXBuildFile; fileRef = BF63A84728AF6F5800C4BED9 /* NameEditingViewController.swift */; };
		CE6A234928FBDD06004E7EA7 /* ViewController.swift in Sources */ = {isa = PBXBuildFile; fileRef = CE9F9660287FA66C00783324 /* ViewController.swift */; };
		CE6A234A28FBDD06004E7EA7 /* SingInViewControllerASDelegate.swift in Sources */ = {isa = PBXBuildFile; fileRef = 55DCB98628958EDE00C83E1D /* SingInViewControllerASDelegate.swift */; };
		CE6A234B28FBDD06004E7EA7 /* PokeToolViewController.swift in Sources */ = {isa = PBXBuildFile; fileRef = A40C3F5E2890048B004465D5 /* PokeToolViewController.swift */; };
		CE6A234C28FBDD06004E7EA7 /* Meal.swift in Sources */ = {isa = PBXBuildFile; fileRef = CE558B1628852DFB00E98909 /* Meal.swift */; };
		CE6A234D28FBDD06004E7EA7 /* StorageManager.swift in Sources */ = {isa = PBXBuildFile; fileRef = CE33B79C2896593F0054F9CD /* StorageManager.swift */; };
		CE6A234E28FBDD06004E7EA7 /* InviteFamilyViewController.swift in Sources */ = {isa = PBXBuildFile; fileRef = CE33B7782894FFA40054F9CD /* InviteFamilyViewController.swift */; };
		CE6A234F28FBDD06004E7EA7 /* User.swift in Sources */ = {isa = PBXBuildFile; fileRef = 559D06BA289BAD0E00338782 /* User.swift */; };
		CE6A235028FBDD06004E7EA7 /* Date+Today.swift in Sources */ = {isa = PBXBuildFile; fileRef = CE558B1C288530BC00E98909 /* Date+Today.swift */; };
		CE6A235128FBDD06004E7EA7 /* SceneDelegate.swift in Sources */ = {isa = PBXBuildFile; fileRef = 559D06C3289BB30A00338782 /* SceneDelegate.swift */; };
		CE6A235228FBDD06004E7EA7 /* ShadowUIViewExtension.swift in Sources */ = {isa = PBXBuildFile; fileRef = CEE92FDA28A63E0000AEE539 /* ShadowUIViewExtension.swift */; };
		CE6A235328FBDD06004E7EA7 /* ReactionView.swift in Sources */ = {isa = PBXBuildFile; fileRef = CE5B4F65288E7C6A00111ACC /* ReactionView.swift */; };
		CE6A235428FBDD06004E7EA7 /* MainTabViewController.swift in Sources */ = {isa = PBXBuildFile; fileRef = CE9D233A28877E1F00D53332 /* MainTabViewController.swift */; };
		CE6A235528FBDD06004E7EA7 /* TagContentCollectionViewCell.swift in Sources */ = {isa = PBXBuildFile; fileRef = BF8C5FAC288E655B002BF0BD /* TagContentCollectionViewCell.swift */; };
		CE6A235628FBDD06004E7EA7 /* UILabel+Extension.swift in Sources */ = {isa = PBXBuildFile; fileRef = 559D06C1289BAD7900338782 /* UILabel+Extension.swift */; };
		CE6A235728FBDD06004E7EA7 /* PokingToolButton.swift in Sources */ = {isa = PBXBuildFile; fileRef = A402AAF02893B56D00425BC0 /* PokingToolButton.swift */; };
		CE6A235828FBDD06004E7EA7 /* AppDelegate.swift in Sources */ = {isa = PBXBuildFile; fileRef = CE9F965C287FA66C00783324 /* AppDelegate.swift */; };
		CE6A235928FBDD06004E7EA7 /* SettingViewController.swift in Sources */ = {isa = PBXBuildFile; fileRef = 55C02310288A940D001511E3 /* SettingViewController.swift */; };
		CE6A235A28FBDD06004E7EA7 /* CreateFamilyViewController.swift in Sources */ = {isa = PBXBuildFile; fileRef = CE33B7762894FF680054F9CD /* CreateFamilyViewController.swift */; };
		CE6A235B28FBDD06004E7EA7 /* UIColor+Extension.swift in Sources */ = {isa = PBXBuildFile; fileRef = A419810D288508EC00CCFDBA /* UIColor+Extension.swift */; };
		CE6A235C28FBDD06004E7EA7 /* ArchiveCell.swift in Sources */ = {isa = PBXBuildFile; fileRef = CE445BE828A426C00084A93F /* ArchiveCell.swift */; };
		CE6A235D28FBDD06004E7EA7 /* UITextField+SetUnderLine.swift in Sources */ = {isa = PBXBuildFile; fileRef = 559D06BF289BAD7300338782 /* UITextField+SetUnderLine.swift */; };
		CE6A235E28FBDD06004E7EA7 /* Reaction.swift in Sources */ = {isa = PBXBuildFile; fileRef = CE5B4F6B288E7C8B00111ACC /* Reaction.swift */; };
		CE6A235F28FBDD06004E7EA7 /* AccountSettingViewController.swift in Sources */ = {isa = PBXBuildFile; fileRef = 55CF4C8E288BE81A0020DACC /* AccountSettingViewController.swift */; };
		CE6A236028FBDD06004E7EA7 /* DividerView.swift in Sources */ = {isa = PBXBuildFile; fileRef = A40C3F60289012D9004465D5 /* DividerView.swift */; };
		CE6A236128FBDD06004E7EA7 /* Camera+Extension.swift in Sources */ = {isa = PBXBuildFile; fileRef = BFFB73412897652B00AE3C09 /* Camera+Extension.swift */; };
		CE6A236228FBDD06004E7EA7 /* Family.swift in Sources */ = {isa = PBXBuildFile; fileRef = CE73298028869FA300CA87F1 /* Family.swift */; };
		CE6A236328FBDD06004E7EA7 /* FamilyFilterCollectionViewCell.swift in Sources */ = {isa = PBXBuildFile; fileRef = CE73297E28869EB200CA87F1 /* FamilyFilterCollectionViewCell.swift */; };
		CE6A236428FBDD06004E7EA7 /* JoinFamilyViewController.swift in Sources */ = {isa = PBXBuildFile; fileRef = 559D06C5289BB97300338782 /* JoinFamilyViewController.swift */; };
		CE6A236528FBDD06004E7EA7 /* NameSettingViewController.swift in Sources */ = {isa = PBXBuildFile; fileRef = 55DCB98A2895A51E00C83E1D /* NameSettingViewController.swift */; };
		CE6A236628FBDD06004E7EA7 /* ArchiveViewController.swift in Sources */ = {isa = PBXBuildFile; fileRef = CE445BE628A41ABE0084A93F /* ArchiveViewController.swift */; };
		CE6A236728FBDD06004E7EA7 /* MainViewController.swift in Sources */ = {isa = PBXBuildFile; fileRef = CE558B182885304500E98909 /* MainViewController.swift */; };
		CE6A236828FBDD06004E7EA7 /* ReactionCollectionViewCell.swift in Sources */ = {isa = PBXBuildFile; fileRef = CE5B4F66288E7C6A00111ACC /* ReactionCollectionViewCell.swift */; };
		CE6A236928FBDD06004E7EA7 /* UIImage+Extension.swift in Sources */ = {isa = PBXBuildFile; fileRef = A445E5F728929C9B00FD31C4 /* UIImage+Extension.swift */; };
		CE6A236A28FBDD06004E7EA7 /* Poke.swift in Sources */ = {isa = PBXBuildFile; fileRef = CE33B7A02896632E0054F9CD /* Poke.swift */; };
		CE6A236C28FBDD06004E7EA7 /* FirebaseFirestoreSwift in Frameworks */ = {isa = PBXBuildFile; productRef = CE6A233328FBDD06004E7EA7 /* FirebaseFirestoreSwift */; };
		CE6A236D28FBDD06004E7EA7 /* FirebaseAnalytics in Frameworks */ = {isa = PBXBuildFile; productRef = CE6A232F28FBDD06004E7EA7 /* FirebaseAnalytics */; };
		CE6A236E28FBDD06004E7EA7 /* FirebaseFirestore in Frameworks */ = {isa = PBXBuildFile; productRef = CE6A233228FBDD06004E7EA7 /* FirebaseFirestore */; };
		CE6A236F28FBDD06004E7EA7 /* FirebaseAuth in Frameworks */ = {isa = PBXBuildFile; productRef = CE6A233128FBDD06004E7EA7 /* FirebaseAuth */; };
		CE6A237028FBDD06004E7EA7 /* FirebaseStorage in Frameworks */ = {isa = PBXBuildFile; productRef = CE6A233428FBDD06004E7EA7 /* FirebaseStorage */; };
		CE6A237228FBDD06004E7EA7 /* .swiftlint.yml in Resources */ = {isa = PBXBuildFile; fileRef = CE9F9673287FA8A600783324 /* .swiftlint.yml */; };
		CE6A237328FBDD06004E7EA7 /* BigFork.scn in Resources */ = {isa = PBXBuildFile; fileRef = A48C939F288F74D500BA09EF /* BigFork.scn */; };
		CE6A237428FBDD06004E7EA7 /* BigSpoonVer2.scn in Resources */ = {isa = PBXBuildFile; fileRef = A48C93A5288F74D500BA09EF /* BigSpoonVer2.scn */; };
		CE6A237528FBDD06004E7EA7 /* BigFork.obj in Resources */ = {isa = PBXBuildFile; fileRef = A48C93A4288F74D500BA09EF /* BigFork.obj */; };
		CE6A237628FBDD06004E7EA7 /* BigWhisk.scn in Resources */ = {isa = PBXBuildFile; fileRef = A48C93A1288F74D500BA09EF /* BigWhisk.scn */; };
		CE6A237728FBDD06004E7EA7 /* Assets.xcassets in Resources */ = {isa = PBXBuildFile; fileRef = CE9F9665287FA66F00783324 /* Assets.xcassets */; };
		CE6A237828FBDD06004E7EA7 /* Spatula.scn in Resources */ = {isa = PBXBuildFile; fileRef = A48C93A6288F74D500BA09EF /* Spatula.scn */; };
		CE6A237928FBDD06004E7EA7 /* BigWhisk.obj in Resources */ = {isa = PBXBuildFile; fileRef = A48C93A3288F74D500BA09EF /* BigWhisk.obj */; };
		CE6A237A28FBDD06004E7EA7 /* GoogleService-Info.plist in Resources */ = {isa = PBXBuildFile; fileRef = CE66046B28AC259600D33A64 /* GoogleService-Info.plist */; };
		CE6A237B28FBDD06004E7EA7 /* LaunchScreen.storyboard in Resources */ = {isa = PBXBuildFile; fileRef = CE42A72928B37CAA00A516F3 /* LaunchScreen.storyboard */; };
		CE6A237C28FBDD06004E7EA7 /* Tools.scn in Resources */ = {isa = PBXBuildFile; fileRef = A48C93A0288F74D500BA09EF /* Tools.scn */; };
		CE6A237D28FBDD06004E7EA7 /* BigSpoonVer2.obj in Resources */ = {isa = PBXBuildFile; fileRef = A48C93A2288F74D500BA09EF /* BigSpoonVer2.obj */; };
		CE869DCD29191D8A00DC93E6 /* FirebaseMessaging in Frameworks */ = {isa = PBXBuildFile; productRef = CE869DCC29191D8A00DC93E6 /* FirebaseMessaging */; };
		CE8D9ABB291A30400084A6ED /* PokeNotification.swift in Sources */ = {isa = PBXBuildFile; fileRef = CE8D9ABA291A30400084A6ED /* PokeNotification.swift */; };
/* End PBXBuildFile section */

/* Begin PBXFileReference section */
		551CD2DD28850A800037487D /* SignInViewController.swift */ = {isa = PBXFileReference; lastKnownFileType = sourcecode.swift; path = SignInViewController.swift; sourceTree = "<group>"; };
		55599E3B2886362900C05E81 /* CustomedButton.swift */ = {isa = PBXFileReference; lastKnownFileType = sourcecode.swift; path = CustomedButton.swift; sourceTree = "<group>"; };
		556AADA52896654100A40F0B /* PokeState.swift */ = {isa = PBXFileReference; lastKnownFileType = sourcecode.swift; path = PokeState.swift; sourceTree = "<group>"; };
		559D06B8289BAB5D00338782 /* UILabel+Extension.swift */ = {isa = PBXFileReference; fileEncoding = 4; lastKnownFileType = sourcecode.swift; path = "UILabel+Extension.swift"; sourceTree = "<group>"; };
		559D06BA289BAD0E00338782 /* User.swift */ = {isa = PBXFileReference; fileEncoding = 4; lastKnownFileType = sourcecode.swift; path = User.swift; sourceTree = "<group>"; };
		559D06BF289BAD7300338782 /* UITextField+SetUnderLine.swift */ = {isa = PBXFileReference; fileEncoding = 4; lastKnownFileType = sourcecode.swift; path = "UITextField+SetUnderLine.swift"; sourceTree = "<group>"; };
		559D06C1289BAD7900338782 /* UILabel+Extension.swift */ = {isa = PBXFileReference; fileEncoding = 4; lastKnownFileType = sourcecode.swift; path = "UILabel+Extension.swift"; sourceTree = "<group>"; };
		559D06C3289BB30A00338782 /* SceneDelegate.swift */ = {isa = PBXFileReference; fileEncoding = 4; lastKnownFileType = sourcecode.swift; path = SceneDelegate.swift; sourceTree = "<group>"; };
		559D06C5289BB97300338782 /* JoinFamilyViewController.swift */ = {isa = PBXFileReference; lastKnownFileType = sourcecode.swift; path = JoinFamilyViewController.swift; sourceTree = "<group>"; };
		55C02310288A940D001511E3 /* SettingViewController.swift */ = {isa = PBXFileReference; lastKnownFileType = sourcecode.swift; path = SettingViewController.swift; sourceTree = "<group>"; };
		55CF4C8E288BE81A0020DACC /* AccountSettingViewController.swift */ = {isa = PBXFileReference; lastKnownFileType = sourcecode.swift; path = AccountSettingViewController.swift; sourceTree = "<group>"; };
		55DCB98628958EDE00C83E1D /* SingInViewControllerASDelegate.swift */ = {isa = PBXFileReference; lastKnownFileType = sourcecode.swift; path = SingInViewControllerASDelegate.swift; sourceTree = "<group>"; };
		55DCB98A2895A51E00C83E1D /* NameSettingViewController.swift */ = {isa = PBXFileReference; lastKnownFileType = sourcecode.swift; path = NameSettingViewController.swift; sourceTree = "<group>"; };
		A402AAF02893B56D00425BC0 /* PokingToolButton.swift */ = {isa = PBXFileReference; lastKnownFileType = sourcecode.swift; path = PokingToolButton.swift; sourceTree = "<group>"; };
		A40C3F5E2890048B004465D5 /* PokeToolViewController.swift */ = {isa = PBXFileReference; fileEncoding = 4; lastKnownFileType = sourcecode.swift; path = PokeToolViewController.swift; sourceTree = "<group>"; };
		A40C3F60289012D9004465D5 /* DividerView.swift */ = {isa = PBXFileReference; lastKnownFileType = sourcecode.swift; path = DividerView.swift; sourceTree = "<group>"; };
		A419810D288508EC00CCFDBA /* UIColor+Extension.swift */ = {isa = PBXFileReference; fileEncoding = 4; lastKnownFileType = sourcecode.swift; path = "UIColor+Extension.swift"; sourceTree = "<group>"; };
		A445E5F728929C9B00FD31C4 /* UIImage+Extension.swift */ = {isa = PBXFileReference; lastKnownFileType = sourcecode.swift; path = "UIImage+Extension.swift"; sourceTree = "<group>"; };
		A48C939A288F747100BA09EF /* PokingTool.swift */ = {isa = PBXFileReference; fileEncoding = 4; lastKnownFileType = sourcecode.swift; path = PokingTool.swift; sourceTree = "<group>"; };
		A48C939F288F74D500BA09EF /* BigFork.scn */ = {isa = PBXFileReference; lastKnownFileType = file.bplist; path = BigFork.scn; sourceTree = "<group>"; };
		A48C93A0288F74D500BA09EF /* Tools.scn */ = {isa = PBXFileReference; lastKnownFileType = file.bplist; path = Tools.scn; sourceTree = "<group>"; };
		A48C93A1288F74D500BA09EF /* BigWhisk.scn */ = {isa = PBXFileReference; lastKnownFileType = file.bplist; path = BigWhisk.scn; sourceTree = "<group>"; };
		A48C93A2288F74D500BA09EF /* BigSpoonVer2.obj */ = {isa = PBXFileReference; fileEncoding = 4; lastKnownFileType = text; path = BigSpoonVer2.obj; sourceTree = "<group>"; };
		A48C93A3288F74D500BA09EF /* BigWhisk.obj */ = {isa = PBXFileReference; fileEncoding = 4; lastKnownFileType = text; path = BigWhisk.obj; sourceTree = "<group>"; };
		A48C93A4288F74D500BA09EF /* BigFork.obj */ = {isa = PBXFileReference; fileEncoding = 4; lastKnownFileType = text; path = BigFork.obj; sourceTree = "<group>"; };
		A48C93A5288F74D500BA09EF /* BigSpoonVer2.scn */ = {isa = PBXFileReference; lastKnownFileType = file.bplist; path = BigSpoonVer2.scn; sourceTree = "<group>"; };
		A48C93A6288F74D500BA09EF /* Spatula.scn */ = {isa = PBXFileReference; lastKnownFileType = file.bplist; path = Spatula.scn; sourceTree = "<group>"; };
		BF63A84728AF6F5800C4BED9 /* NameEditingViewController.swift */ = {isa = PBXFileReference; lastKnownFileType = sourcecode.swift; path = NameEditingViewController.swift; sourceTree = "<group>"; };
		BF7F91182886530A009D3809 /* ActionSheetView.swift */ = {isa = PBXFileReference; lastKnownFileType = sourcecode.swift; path = ActionSheetView.swift; sourceTree = "<group>"; };
		BF8C5FA8288E5EDF002BF0BD /* UploadViewController.swift */ = {isa = PBXFileReference; fileEncoding = 4; lastKnownFileType = sourcecode.swift; path = UploadViewController.swift; sourceTree = "<group>"; };
		BF8C5FAC288E655B002BF0BD /* TagContentCollectionViewCell.swift */ = {isa = PBXFileReference; lastKnownFileType = sourcecode.swift; path = TagContentCollectionViewCell.swift; sourceTree = "<group>"; };
		BF8C5FAE288E6B21002BF0BD /* UploadTag.swift */ = {isa = PBXFileReference; lastKnownFileType = sourcecode.swift; path = UploadTag.swift; sourceTree = "<group>"; };
		BFFB73412897652B00AE3C09 /* Camera+Extension.swift */ = {isa = PBXFileReference; lastKnownFileType = sourcecode.swift; path = "Camera+Extension.swift"; sourceTree = "<group>"; };
		CE33B7762894FF680054F9CD /* CreateFamilyViewController.swift */ = {isa = PBXFileReference; lastKnownFileType = sourcecode.swift; path = CreateFamilyViewController.swift; sourceTree = "<group>"; };
		CE33B7782894FFA40054F9CD /* InviteFamilyViewController.swift */ = {isa = PBXFileReference; lastKnownFileType = sourcecode.swift; path = InviteFamilyViewController.swift; sourceTree = "<group>"; };
		CE33B79A2896592F0054F9CD /* FirestoreManager.swift */ = {isa = PBXFileReference; lastKnownFileType = sourcecode.swift; path = FirestoreManager.swift; sourceTree = "<group>"; };
		CE33B79C2896593F0054F9CD /* StorageManager.swift */ = {isa = PBXFileReference; lastKnownFileType = sourcecode.swift; path = StorageManager.swift; sourceTree = "<group>"; };
		CE33B7A02896632E0054F9CD /* Poke.swift */ = {isa = PBXFileReference; lastKnownFileType = sourcecode.swift; path = Poke.swift; sourceTree = "<group>"; };
		CE42A72928B37CAA00A516F3 /* LaunchScreen.storyboard */ = {isa = PBXFileReference; fileEncoding = 4; lastKnownFileType = file.storyboard; path = LaunchScreen.storyboard; sourceTree = "<group>"; };
		CE445BE628A41ABE0084A93F /* ArchiveViewController.swift */ = {isa = PBXFileReference; lastKnownFileType = sourcecode.swift; path = ArchiveViewController.swift; sourceTree = "<group>"; };
		CE445BE828A426C00084A93F /* ArchiveCell.swift */ = {isa = PBXFileReference; lastKnownFileType = sourcecode.swift; path = ArchiveCell.swift; sourceTree = "<group>"; };
		CE45191628A8E0EC00D1FB21 /* String+Extenstion.swift */ = {isa = PBXFileReference; lastKnownFileType = sourcecode.swift; path = "String+Extenstion.swift"; sourceTree = "<group>"; };
		CE46B56F2888DB3D0074DEF0 /* TagLabel.swift */ = {isa = PBXFileReference; lastKnownFileType = sourcecode.swift; path = TagLabel.swift; sourceTree = "<group>"; };
		CE558B1428852DF800E98909 /* Tag.swift */ = {isa = PBXFileReference; lastKnownFileType = sourcecode.swift; path = Tag.swift; sourceTree = "<group>"; };
		CE558B1628852DFB00E98909 /* Meal.swift */ = {isa = PBXFileReference; lastKnownFileType = sourcecode.swift; path = Meal.swift; sourceTree = "<group>"; };
		CE558B182885304500E98909 /* MainViewController.swift */ = {isa = PBXFileReference; lastKnownFileType = sourcecode.swift; path = MainViewController.swift; sourceTree = "<group>"; };
		CE558B1C288530BC00E98909 /* Date+Today.swift */ = {isa = PBXFileReference; lastKnownFileType = sourcecode.swift; path = "Date+Today.swift"; sourceTree = "<group>"; };
		CE5B4F65288E7C6A00111ACC /* ReactionView.swift */ = {isa = PBXFileReference; fileEncoding = 4; lastKnownFileType = sourcecode.swift; path = ReactionView.swift; sourceTree = "<group>"; };
		CE5B4F66288E7C6A00111ACC /* ReactionCollectionViewCell.swift */ = {isa = PBXFileReference; fileEncoding = 4; lastKnownFileType = sourcecode.swift; path = ReactionCollectionViewCell.swift; sourceTree = "<group>"; };
		CE5B4F6B288E7C8B00111ACC /* Reaction.swift */ = {isa = PBXFileReference; fileEncoding = 4; lastKnownFileType = sourcecode.swift; path = Reaction.swift; sourceTree = "<group>"; };
		CE5B4F6D288E7C9D00111ACC /* MealDetailViewController.swift */ = {isa = PBXFileReference; fileEncoding = 4; lastKnownFileType = sourcecode.swift; path = MealDetailViewController.swift; sourceTree = "<group>"; };
		CE66046B28AC259600D33A64 /* GoogleService-Info.plist */ = {isa = PBXFileReference; fileEncoding = 4; lastKnownFileType = text.plist.xml; path = "GoogleService-Info.plist"; sourceTree = "<group>"; };
		CE6A238128FBDD06004E7EA7 /* Puhaha.app */ = {isa = PBXFileReference; explicitFileType = wrapper.application; includeInIndex = 0; path = Puhaha.app; sourceTree = BUILT_PRODUCTS_DIR; };
		CE6A23D828FBDF6A004E7EA7 /* 밥먹언?.entitlements */ = {isa = PBXFileReference; fileEncoding = 4; lastKnownFileType = text.plist.entitlements; path = "밥먹언?.entitlements"; sourceTree = "<group>"; };
		CE71884F288E849D002CF653 /* EmptyMealCardView.swift */ = {isa = PBXFileReference; fileEncoding = 4; lastKnownFileType = sourcecode.swift; path = EmptyMealCardView.swift; sourceTree = "<group>"; };
		CE73297C28865C8800CA87F1 /* MealCardCollectionViewCell.swift */ = {isa = PBXFileReference; lastKnownFileType = sourcecode.swift; path = MealCardCollectionViewCell.swift; sourceTree = "<group>"; };
		CE73297E28869EB200CA87F1 /* FamilyFilterCollectionViewCell.swift */ = {isa = PBXFileReference; lastKnownFileType = sourcecode.swift; path = FamilyFilterCollectionViewCell.swift; sourceTree = "<group>"; };
		CE73298028869FA300CA87F1 /* Family.swift */ = {isa = PBXFileReference; lastKnownFileType = sourcecode.swift; path = Family.swift; sourceTree = "<group>"; };
		CE9AE1902891270500F4253D /* MainViewController+Delegate.swift */ = {isa = PBXFileReference; lastKnownFileType = sourcecode.swift; path = "MainViewController+Delegate.swift"; sourceTree = "<group>"; };
		CE9AE1922891271700F4253D /* MainViewController+DataSource.swift */ = {isa = PBXFileReference; lastKnownFileType = sourcecode.swift; path = "MainViewController+DataSource.swift"; sourceTree = "<group>"; };
		CE9D233A28877E1F00D53332 /* MainTabViewController.swift */ = {isa = PBXFileReference; lastKnownFileType = sourcecode.swift; path = MainTabViewController.swift; sourceTree = "<group>"; };
		CE9F965C287FA66C00783324 /* AppDelegate.swift */ = {isa = PBXFileReference; lastKnownFileType = sourcecode.swift; path = AppDelegate.swift; sourceTree = "<group>"; };
		CE9F9660287FA66C00783324 /* ViewController.swift */ = {isa = PBXFileReference; lastKnownFileType = sourcecode.swift; path = ViewController.swift; sourceTree = "<group>"; };
		CE9F9665287FA66F00783324 /* Assets.xcassets */ = {isa = PBXFileReference; lastKnownFileType = folder.assetcatalog; path = Assets.xcassets; sourceTree = "<group>"; };
		CE9F966A287FA66F00783324 /* Info.plist */ = {isa = PBXFileReference; lastKnownFileType = text.plist.xml; path = Info.plist; sourceTree = "<group>"; };
		CE9F9673287FA8A600783324 /* .swiftlint.yml */ = {isa = PBXFileReference; fileEncoding = 4; lastKnownFileType = text.yaml; path = .swiftlint.yml; sourceTree = "<group>"; };
		CEC190A428A27FB4000E239E /* EmoticonCell.swift */ = {isa = PBXFileReference; lastKnownFileType = sourcecode.swift; path = EmoticonCell.swift; sourceTree = "<group>"; };
		CEE6DDAA28A14AA300D58230 /* EmoticonView.swift */ = {isa = PBXFileReference; lastKnownFileType = sourcecode.swift; path = EmoticonView.swift; sourceTree = "<group>"; };
		CEE92FDA28A63E0000AEE539 /* ShadowUIViewExtension.swift */ = {isa = PBXFileReference; lastKnownFileType = sourcecode.swift; path = ShadowUIViewExtension.swift; sourceTree = "<group>"; };
/* End PBXFileReference section */

/* Begin PBXFrameworksBuildPhase section */
		CE6A236B28FBDD06004E7EA7 /* Frameworks */ = {
			isa = PBXFrameworksBuildPhase;
			buildActionMask = 2147483647;
			files = (
				CE6A236C28FBDD06004E7EA7 /* FirebaseFirestoreSwift in Frameworks */,
				CE6A236D28FBDD06004E7EA7 /* FirebaseAnalytics in Frameworks */,
				CE6A236E28FBDD06004E7EA7 /* FirebaseFirestore in Frameworks */,
				CE6A236F28FBDD06004E7EA7 /* FirebaseAuth in Frameworks */,
				CE6A237028FBDD06004E7EA7 /* FirebaseStorage in Frameworks */,
				CE869DCD29191D8A00DC93E6 /* FirebaseMessaging in Frameworks */,
			);
			runOnlyForDeploymentPostprocessing = 0;
		};
/* End PBXFrameworksBuildPhase section */

/* Begin PBXGroup section */
		559D06B0289BAA0A00338782 /* Recovered References */ = {
			isa = PBXGroup;
			children = (
				559D06B8289BAB5D00338782 /* UILabel+Extension.swift */,
			);
			name = "Recovered References";
			sourceTree = "<group>";
		};
		559D06BC289BAD3E00338782 /* Frameworks */ = {
			isa = PBXGroup;
			children = (
			);
			name = Frameworks;
			sourceTree = "<group>";
		};
		A4198110288508FA00CCFDBA /* Global */ = {
			isa = PBXGroup;
			children = (
				CE46B56E2888DB230074DEF0 /* UIViews */,
				A41981112885090300CCFDBA /* Extensioon */,
			);
			path = Global;
			sourceTree = "<group>";
		};
		A41981112885090300CCFDBA /* Extensioon */ = {
			isa = PBXGroup;
			children = (
				559D06C1289BAD7900338782 /* UILabel+Extension.swift */,
				559D06BF289BAD7300338782 /* UITextField+SetUnderLine.swift */,
				A419810D288508EC00CCFDBA /* UIColor+Extension.swift */,
				CE558B1C288530BC00E98909 /* Date+Today.swift */,
				55599E3B2886362900C05E81 /* CustomedButton.swift */,
				A445E5F728929C9B00FD31C4 /* UIImage+Extension.swift */,
				BFFB73412897652B00AE3C09 /* Camera+Extension.swift */,
				CEE92FDA28A63E0000AEE539 /* ShadowUIViewExtension.swift */,
				CE45191628A8E0EC00D1FB21 /* String+Extenstion.swift */,
			);
			path = Extensioon;
			sourceTree = "<group>";
		};
		A48C939E288F74BE00BA09EF /* Resources */ = {
			isa = PBXGroup;
			children = (
				A48C93A4288F74D500BA09EF /* BigFork.obj */,
				A48C939F288F74D500BA09EF /* BigFork.scn */,
				A48C93A2288F74D500BA09EF /* BigSpoonVer2.obj */,
				A48C93A5288F74D500BA09EF /* BigSpoonVer2.scn */,
				A48C93A3288F74D500BA09EF /* BigWhisk.obj */,
				A48C93A1288F74D500BA09EF /* BigWhisk.scn */,
				A48C93A6288F74D500BA09EF /* Spatula.scn */,
				A48C93A0288F74D500BA09EF /* Tools.scn */,
			);
			path = Resources;
			sourceTree = "<group>";
		};
		CE33B77A289519E50054F9CD /* Manager */ = {
			isa = PBXGroup;
			children = (
				CE33B79A2896592F0054F9CD /* FirestoreManager.swift */,
				CE33B79C2896593F0054F9CD /* StorageManager.swift */,
			);
			path = Manager;
			sourceTree = "<group>";
		};
		CE46B56E2888DB230074DEF0 /* UIViews */ = {
			isa = PBXGroup;
			children = (
				CE46B56F2888DB3D0074DEF0 /* TagLabel.swift */,
			);
			path = UIViews;
			sourceTree = "<group>";
		};
		CE9F9650287FA66C00783324 = {
			isa = PBXGroup;
			children = (
				CE9F965B287FA66C00783324 /* Puhaha */,
				CE9F965A287FA66C00783324 /* Products */,
				559D06B0289BAA0A00338782 /* Recovered References */,
				559D06BC289BAD3E00338782 /* Frameworks */,
			);
			sourceTree = "<group>";
		};
		CE9F965A287FA66C00783324 /* Products */ = {
			isa = PBXGroup;
			children = (
				CE6A238128FBDD06004E7EA7 /* Puhaha.app */,
			);
			name = Products;
			sourceTree = "<group>";
		};
		CE9F965B287FA66C00783324 /* Puhaha */ = {
			isa = PBXGroup;
			children = (
				CE6A23D828FBDF6A004E7EA7 /* 밥먹언?.entitlements */,
				CE33B77A289519E50054F9CD /* Manager */,
				A48C939E288F74BE00BA09EF /* Resources */,
				A4198110288508FA00CCFDBA /* Global */,
				CE9F9672287FA69400783324 /* Models */,
				CE9F9671287FA68C00783324 /* Controllers */,
				CE9F9670287FA67B00783324 /* Views */,
				CE9F965C287FA66C00783324 /* AppDelegate.swift */,
				CE9F9660287FA66C00783324 /* ViewController.swift */,
				559D06C3289BB30A00338782 /* SceneDelegate.swift */,
				CE9F9665287FA66F00783324 /* Assets.xcassets */,
				CE66046B28AC259600D33A64 /* GoogleService-Info.plist */,
				CE42A72928B37CAA00A516F3 /* LaunchScreen.storyboard */,
				CE9F966A287FA66F00783324 /* Info.plist */,
				CE9F9673287FA8A600783324 /* .swiftlint.yml */,
			);
			path = Puhaha;
			sourceTree = "<group>";
		};
		CE9F9670287FA67B00783324 /* Views */ = {
			isa = PBXGroup;
			children = (
				CE5B4F66288E7C6A00111ACC /* ReactionCollectionViewCell.swift */,
				CE5B4F65288E7C6A00111ACC /* ReactionView.swift */,
				CE71884F288E849D002CF653 /* EmptyMealCardView.swift */,
				CE73297C28865C8800CA87F1 /* MealCardCollectionViewCell.swift */,
				CE73297E28869EB200CA87F1 /* FamilyFilterCollectionViewCell.swift */,
				BF7F91182886530A009D3809 /* ActionSheetView.swift */,
				A40C3F60289012D9004465D5 /* DividerView.swift */,
				BF8C5FAC288E655B002BF0BD /* TagContentCollectionViewCell.swift */,
				A402AAF02893B56D00425BC0 /* PokingToolButton.swift */,
				CEE6DDAA28A14AA300D58230 /* EmoticonView.swift */,
				CEC190A428A27FB4000E239E /* EmoticonCell.swift */,
				CE445BE828A426C00084A93F /* ArchiveCell.swift */,
			);
			path = Views;
			sourceTree = "<group>";
		};
		CE9F9671287FA68C00783324 /* Controllers */ = {
			isa = PBXGroup;
			children = (
				A40C3F5E2890048B004465D5 /* PokeToolViewController.swift */,
				CE5B4F6D288E7C9D00111ACC /* MealDetailViewController.swift */,
				BF8C5FA8288E5EDF002BF0BD /* UploadViewController.swift */,
				55DCB98628958EDE00C83E1D /* SingInViewControllerASDelegate.swift */,
				551CD2DD28850A800037487D /* SignInViewController.swift */,
				55DCB98A2895A51E00C83E1D /* NameSettingViewController.swift */,
				55C02310288A940D001511E3 /* SettingViewController.swift */,
				55CF4C8E288BE81A0020DACC /* AccountSettingViewController.swift */,
				CE558B182885304500E98909 /* MainViewController.swift */,
				CE9D233A28877E1F00D53332 /* MainTabViewController.swift */,
				CE9AE1902891270500F4253D /* MainViewController+Delegate.swift */,
				CE9AE1922891271700F4253D /* MainViewController+DataSource.swift */,
				CE33B7762894FF680054F9CD /* CreateFamilyViewController.swift */,
				CE33B7782894FFA40054F9CD /* InviteFamilyViewController.swift */,
				559D06C5289BB97300338782 /* JoinFamilyViewController.swift */,
				CE445BE628A41ABE0084A93F /* ArchiveViewController.swift */,
				BF63A84728AF6F5800C4BED9 /* NameEditingViewController.swift */,
			);
			path = Controllers;
			sourceTree = "<group>";
		};
		CE9F9672287FA69400783324 /* Models */ = {
			isa = PBXGroup;
			children = (
				559D06BA289BAD0E00338782 /* User.swift */,
				A48C939A288F747100BA09EF /* PokingTool.swift */,
				CE558B1428852DF800E98909 /* Tag.swift */,
				CE558B1628852DFB00E98909 /* Meal.swift */,
				CE73298028869FA300CA87F1 /* Family.swift */,
				556AADA52896654100A40F0B /* PokeState.swift */,
				BF8C5FAE288E6B21002BF0BD /* UploadTag.swift */,
				CE5B4F6B288E7C8B00111ACC /* Reaction.swift */,
				CE33B7A02896632E0054F9CD /* Poke.swift */,
			);
			path = Models;
			sourceTree = "<group>";
		};
/* End PBXGroup section */

/* Begin PBXNativeTarget section */
		CE6A232E28FBDD06004E7EA7 /* Puhaha */ = {
			isa = PBXNativeTarget;
			buildConfigurationList = CE6A237E28FBDD06004E7EA7 /* Build configuration list for PBXNativeTarget "Puhaha" */;
			buildPhases = (
				CE6A233528FBDD06004E7EA7 /* ShellScript */,
				CE6A233628FBDD06004E7EA7 /* Sources */,
				CE6A236B28FBDD06004E7EA7 /* Frameworks */,
				CE6A237128FBDD06004E7EA7 /* Resources */,
			);
			buildRules = (
			);
			dependencies = (
			);
			name = Puhaha;
			packageProductDependencies = (
				CE6A232F28FBDD06004E7EA7 /* FirebaseAnalytics */,
				CE6A233128FBDD06004E7EA7 /* FirebaseAuth */,
				CE6A233228FBDD06004E7EA7 /* FirebaseFirestore */,
				CE6A233328FBDD06004E7EA7 /* FirebaseFirestoreSwift */,
				CE6A233428FBDD06004E7EA7 /* FirebaseStorage */,
				CE869DCC29191D8A00DC93E6 /* FirebaseMessaging */,
			);
			productName = Puhaha;
			productReference = CE6A238128FBDD06004E7EA7 /* Puhaha.app */;
			productType = "com.apple.product-type.application";
		};
/* End PBXNativeTarget section */

/* Begin PBXProject section */
		CE9F9651287FA66C00783324 /* Project object */ = {
			isa = PBXProject;
			attributes = {
				BuildIndependentTargetsInParallel = 1;
				LastSwiftUpdateCheck = 1400;
				LastUpgradeCheck = 1340;
			};
			buildConfigurationList = CE9F9654287FA66C00783324 /* Build configuration list for PBXProject "Puhaha" */;
			compatibilityVersion = "Xcode 13.0";
			developmentRegion = en;
			hasScannedForEncodings = 0;
			knownRegions = (
				en,
				Base,
				ko,
			);
			mainGroup = CE9F9650287FA66C00783324;
			packageReferences = (
				CE33B7892895755E0054F9CD /* XCRemoteSwiftPackageReference "firebase-ios-sdk" */,
			);
			productRefGroup = CE9F965A287FA66C00783324 /* Products */;
			projectDirPath = "";
			projectRoot = "";
			targets = (
				CE6A232E28FBDD06004E7EA7 /* Puhaha */,
			);
		};
/* End PBXProject section */

/* Begin PBXResourcesBuildPhase section */
		CE6A237128FBDD06004E7EA7 /* Resources */ = {
			isa = PBXResourcesBuildPhase;
			buildActionMask = 2147483647;
			files = (
				CE6A237228FBDD06004E7EA7 /* .swiftlint.yml in Resources */,
				CE6A237328FBDD06004E7EA7 /* BigFork.scn in Resources */,
				CE6A237428FBDD06004E7EA7 /* BigSpoonVer2.scn in Resources */,
				CE6A237528FBDD06004E7EA7 /* BigFork.obj in Resources */,
				CE6A237628FBDD06004E7EA7 /* BigWhisk.scn in Resources */,
				CE6A237728FBDD06004E7EA7 /* Assets.xcassets in Resources */,
				CE6A237828FBDD06004E7EA7 /* Spatula.scn in Resources */,
				CE6A237928FBDD06004E7EA7 /* BigWhisk.obj in Resources */,
				CE6A237A28FBDD06004E7EA7 /* GoogleService-Info.plist in Resources */,
				CE6A237B28FBDD06004E7EA7 /* LaunchScreen.storyboard in Resources */,
				CE6A237C28FBDD06004E7EA7 /* Tools.scn in Resources */,
				CE6A237D28FBDD06004E7EA7 /* BigSpoonVer2.obj in Resources */,
			);
			runOnlyForDeploymentPostprocessing = 0;
		};
/* End PBXResourcesBuildPhase section */

/* Begin PBXShellScriptBuildPhase section */
		CE6A233528FBDD06004E7EA7 /* ShellScript */ = {
			isa = PBXShellScriptBuildPhase;
			buildActionMask = 2147483647;
			files = (
			);
			inputFileListPaths = (
			);
			inputPaths = (
			);
			outputFileListPaths = (
			);
			outputPaths = (
			);
			runOnlyForDeploymentPostprocessing = 0;
			shellPath = /bin/sh;
			shellScript = "# Type a script or drag a script file from your workspace to insert its path.\nexport PATH=\"$PATH:/opt/homebrew/bin\"\nif which swiftlint > /dev/null; then\n  swiftlint\nelse\n  echo \"warning: SwiftLint not installed, download from https://github.com/realm/SwiftLint\"\nfi\n";
		};
/* End PBXShellScriptBuildPhase section */

/* Begin PBXSourcesBuildPhase section */
		CE6A233628FBDD06004E7EA7 /* Sources */ = {
			isa = PBXSourcesBuildPhase;
			buildActionMask = 2147483647;
			files = (
				CE6A233728FBDD06004E7EA7 /* CustomedButton.swift in Sources */,
				CE6A233828FBDD06004E7EA7 /* String+Extenstion.swift in Sources */,
				CE6A233928FBDD06004E7EA7 /* FirestoreManager.swift in Sources */,
				CE6A233A28FBDD06004E7EA7 /* UploadViewController.swift in Sources */,
				CE6A233B28FBDD06004E7EA7 /* MainViewController+DataSource.swift in Sources */,
				CE6A233C28FBDD06004E7EA7 /* MainViewController+Delegate.swift in Sources */,
				CE6A233D28FBDD06004E7EA7 /* EmptyMealCardView.swift in Sources */,
				CE6A233E28FBDD06004E7EA7 /* EmoticonView.swift in Sources */,
				CE6A233F28FBDD06004E7EA7 /* SignInViewController.swift in Sources */,
				CE6A234028FBDD06004E7EA7 /* MealDetailViewController.swift in Sources */,
				CE6A234128FBDD06004E7EA7 /* MealCardCollectionViewCell.swift in Sources */,
				CE6A234228FBDD06004E7EA7 /* TagLabel.swift in Sources */,
				CE6A234328FBDD06004E7EA7 /* EmoticonCell.swift in Sources */,
				CE6A234428FBDD06004E7EA7 /* PokeState.swift in Sources */,
				CE6A234528FBDD06004E7EA7 /* Tag.swift in Sources */,
				CE6A234628FBDD06004E7EA7 /* PokingTool.swift in Sources */,
				CE6A234728FBDD06004E7EA7 /* UploadTag.swift in Sources */,
				CE6A234828FBDD06004E7EA7 /* NameEditingViewController.swift in Sources */,
				CE6A234928FBDD06004E7EA7 /* ViewController.swift in Sources */,
				CE6A234A28FBDD06004E7EA7 /* SingInViewControllerASDelegate.swift in Sources */,
				CE6A234B28FBDD06004E7EA7 /* PokeToolViewController.swift in Sources */,
				CE6A234C28FBDD06004E7EA7 /* Meal.swift in Sources */,
				CE6A234D28FBDD06004E7EA7 /* StorageManager.swift in Sources */,
				CE6A234E28FBDD06004E7EA7 /* InviteFamilyViewController.swift in Sources */,
				CE6A234F28FBDD06004E7EA7 /* User.swift in Sources */,
				CE6A235028FBDD06004E7EA7 /* Date+Today.swift in Sources */,
				CE6A235128FBDD06004E7EA7 /* SceneDelegate.swift in Sources */,
				CE6A235228FBDD06004E7EA7 /* ShadowUIViewExtension.swift in Sources */,
				CE6A235328FBDD06004E7EA7 /* ReactionView.swift in Sources */,
				CE6A235428FBDD06004E7EA7 /* MainTabViewController.swift in Sources */,
				CE6A235528FBDD06004E7EA7 /* TagContentCollectionViewCell.swift in Sources */,
				CE6A235628FBDD06004E7EA7 /* UILabel+Extension.swift in Sources */,
				CE6A235728FBDD06004E7EA7 /* PokingToolButton.swift in Sources */,
				CE6A235828FBDD06004E7EA7 /* AppDelegate.swift in Sources */,
				CE6A235928FBDD06004E7EA7 /* SettingViewController.swift in Sources */,
				CE6A235A28FBDD06004E7EA7 /* CreateFamilyViewController.swift in Sources */,
				CE6A235B28FBDD06004E7EA7 /* UIColor+Extension.swift in Sources */,
				CE6A235C28FBDD06004E7EA7 /* ArchiveCell.swift in Sources */,
				CE6A235D28FBDD06004E7EA7 /* UITextField+SetUnderLine.swift in Sources */,
				CE6A235E28FBDD06004E7EA7 /* Reaction.swift in Sources */,
				CE6A235F28FBDD06004E7EA7 /* AccountSettingViewController.swift in Sources */,
				CE6A236028FBDD06004E7EA7 /* DividerView.swift in Sources */,
				CE6A236128FBDD06004E7EA7 /* Camera+Extension.swift in Sources */,
				CE6A236228FBDD06004E7EA7 /* Family.swift in Sources */,
				CE6A236328FBDD06004E7EA7 /* FamilyFilterCollectionViewCell.swift in Sources */,
				CE6A236428FBDD06004E7EA7 /* JoinFamilyViewController.swift in Sources */,
				CE6A236528FBDD06004E7EA7 /* NameSettingViewController.swift in Sources */,
				CE6A236628FBDD06004E7EA7 /* ArchiveViewController.swift in Sources */,
				CE6A236328FBDD06004E7EA7 /* FamilyFilterCollectionViewCell.swift in Sources */,
				CE6A236728FBDD06004E7EA7 /* MainViewController.swift in Sources */,
				CE6A236828FBDD06004E7EA7 /* ReactionCollectionViewCell.swift in Sources */,
				CE6A236928FBDD06004E7EA7 /* UIImage+Extension.swift in Sources */,
				CE6A236A28FBDD06004E7EA7 /* Poke.swift in Sources */,
			);
			runOnlyForDeploymentPostprocessing = 0;
		};
/* End PBXSourcesBuildPhase section */

/* Begin XCBuildConfiguration section */
		CE6A237F28FBDD06004E7EA7 /* Debug */ = {
			isa = XCBuildConfiguration;
			buildSettings = {
				ASSETCATALOG_COMPILER_APPICON_NAME = AppIcon;
				ASSETCATALOG_COMPILER_GLOBAL_ACCENT_COLOR_NAME = AccentColor;
				CODE_SIGN_ENTITLEMENTS = "Puhaha/밥먹언?.entitlements";
				CODE_SIGN_IDENTITY = "Apple Development";
				CODE_SIGN_STYLE = Automatic;
				CURRENT_PROJECT_VERSION = 1.1;
				DEVELOPMENT_TEAM = 744MUUC77P;
				GENERATE_INFOPLIST_FILE = YES;
				INFOPLIST_FILE = Puhaha/Info.plist;
				INFOPLIST_KEY_CFBundleDisplayName = "밥먹언?";
				INFOPLIST_KEY_LSApplicationCategoryType = "public.app-category.lifestyle";
				INFOPLIST_KEY_NSCameraUsageDescription = "'밥먹언?'이 회원님의 기기의 카메라를 사용하여 사진을 찍고 공유할 수 있도록 지원합니다.";
				INFOPLIST_KEY_NSPhotoLibraryUsageDescription = "'밥먹언?'이 회원님의 갤러리 사진을 공유할 수 있도록 지원합니다.";
				INFOPLIST_KEY_UIApplicationSupportsIndirectInputEvents = YES;
				INFOPLIST_KEY_UILaunchScreen_Generation = NO;
				INFOPLIST_KEY_UILaunchStoryboardName = LaunchScreen;
				INFOPLIST_KEY_UISupportedInterfaceOrientations = UIInterfaceOrientationPortrait;
				INFOPLIST_KEY_UISupportedInterfaceOrientations_iPad = "UIInterfaceOrientationPortrait UIInterfaceOrientationPortraitUpsideDown UIInterfaceOrientationLandscapeLeft UIInterfaceOrientationLandscapeRight";
				INFOPLIST_KEY_UISupportedInterfaceOrientations_iPhone = "";
				INFOPLIST_KEY_UIUserInterfaceStyle = Light;
				LD_RUNPATH_SEARCH_PATHS = (
					"$(inherited)",
					"@executable_path/Frameworks",
				);
				MARKETING_VERSION = 1.1.0;
				PRODUCT_BUNDLE_IDENTIFIER = com.mc3.puhaha.whatdidyoueat;
				PRODUCT_NAME = "$(TARGET_NAME)";
				PROVISIONING_PROFILE_SPECIFIER = "";
				SUPPORTED_PLATFORMS = "iphoneos iphonesimulator";
				SUPPORTS_MACCATALYST = NO;
				SUPPORTS_MAC_DESIGNED_FOR_IPHONE_IPAD = YES;
				SWIFT_EMIT_LOC_STRINGS = YES;
				SWIFT_VERSION = 5.0;
				TARGETED_DEVICE_FAMILY = "1,2";
			};
			name = Debug;
		};
		CE6A238028FBDD06004E7EA7 /* Release */ = {
			isa = XCBuildConfiguration;
			buildSettings = {
				ASSETCATALOG_COMPILER_APPICON_NAME = AppIcon;
				ASSETCATALOG_COMPILER_GLOBAL_ACCENT_COLOR_NAME = AccentColor;
				CODE_SIGN_ENTITLEMENTS = "Puhaha/밥먹언?.entitlements";
				CODE_SIGN_IDENTITY = "Apple Development";
				CODE_SIGN_STYLE = Automatic;
				CURRENT_PROJECT_VERSION = 1.1;
				DEVELOPMENT_TEAM = 744MUUC77P;
				GENERATE_INFOPLIST_FILE = YES;
				INFOPLIST_FILE = Puhaha/Info.plist;
				INFOPLIST_KEY_CFBundleDisplayName = "밥먹언?";
				INFOPLIST_KEY_LSApplicationCategoryType = "public.app-category.lifestyle";
				INFOPLIST_KEY_NSCameraUsageDescription = "'밥먹언?'이 회원님의 기기의 카메라를 사용하여 사진을 찍고 공유할 수 있도록 지원합니다.";
				INFOPLIST_KEY_NSPhotoLibraryUsageDescription = "'밥먹언?'이 회원님의 갤러리 사진을 공유할 수 있도록 지원합니다.";
				INFOPLIST_KEY_UIApplicationSupportsIndirectInputEvents = YES;
				INFOPLIST_KEY_UILaunchScreen_Generation = NO;
				INFOPLIST_KEY_UILaunchStoryboardName = LaunchScreen;
				INFOPLIST_KEY_UISupportedInterfaceOrientations = UIInterfaceOrientationPortrait;
				INFOPLIST_KEY_UISupportedInterfaceOrientations_iPad = "UIInterfaceOrientationPortrait UIInterfaceOrientationPortraitUpsideDown UIInterfaceOrientationLandscapeLeft UIInterfaceOrientationLandscapeRight";
				INFOPLIST_KEY_UISupportedInterfaceOrientations_iPhone = "";
				INFOPLIST_KEY_UIUserInterfaceStyle = Light;
				LD_RUNPATH_SEARCH_PATHS = (
					"$(inherited)",
					"@executable_path/Frameworks",
				);
				MARKETING_VERSION = 1.1.0;
				PRODUCT_BUNDLE_IDENTIFIER = com.mc3.puhaha.whatdidyoueat;
				PRODUCT_NAME = "$(TARGET_NAME)";
				PROVISIONING_PROFILE_SPECIFIER = "";
				SUPPORTED_PLATFORMS = "iphoneos iphonesimulator";
				SUPPORTS_MACCATALYST = NO;
				SUPPORTS_MAC_DESIGNED_FOR_IPHONE_IPAD = YES;
				SWIFT_EMIT_LOC_STRINGS = YES;
				SWIFT_VERSION = 5.0;
				TARGETED_DEVICE_FAMILY = "1,2";
			};
			name = Release;
		};
		CE9F966B287FA66F00783324 /* Debug */ = {
			isa = XCBuildConfiguration;
			buildSettings = {
				ALWAYS_SEARCH_USER_PATHS = NO;
				CLANG_ANALYZER_NONNULL = YES;
				CLANG_ANALYZER_NUMBER_OBJECT_CONVERSION = YES_AGGRESSIVE;
				CLANG_CXX_LANGUAGE_STANDARD = "gnu++17";
				CLANG_ENABLE_MODULES = YES;
				CLANG_ENABLE_OBJC_ARC = YES;
				CLANG_ENABLE_OBJC_WEAK = YES;
				CLANG_WARN_BLOCK_CAPTURE_AUTORELEASING = YES;
				CLANG_WARN_BOOL_CONVERSION = YES;
				CLANG_WARN_COMMA = YES;
				CLANG_WARN_CONSTANT_CONVERSION = YES;
				CLANG_WARN_DEPRECATED_OBJC_IMPLEMENTATIONS = YES;
				CLANG_WARN_DIRECT_OBJC_ISA_USAGE = YES_ERROR;
				CLANG_WARN_DOCUMENTATION_COMMENTS = YES;
				CLANG_WARN_EMPTY_BODY = YES;
				CLANG_WARN_ENUM_CONVERSION = YES;
				CLANG_WARN_INFINITE_RECURSION = YES;
				CLANG_WARN_INT_CONVERSION = YES;
				CLANG_WARN_NON_LITERAL_NULL_CONVERSION = YES;
				CLANG_WARN_OBJC_IMPLICIT_RETAIN_SELF = YES;
				CLANG_WARN_OBJC_LITERAL_CONVERSION = YES;
				CLANG_WARN_OBJC_ROOT_CLASS = YES_ERROR;
				CLANG_WARN_QUOTED_INCLUDE_IN_FRAMEWORK_HEADER = YES;
				CLANG_WARN_RANGE_LOOP_ANALYSIS = YES;
				CLANG_WARN_STRICT_PROTOTYPES = YES;
				CLANG_WARN_SUSPICIOUS_MOVE = YES;
				CLANG_WARN_UNGUARDED_AVAILABILITY = YES_AGGRESSIVE;
				CLANG_WARN_UNREACHABLE_CODE = YES;
				CLANG_WARN__DUPLICATE_METHOD_MATCH = YES;
				COPY_PHASE_STRIP = NO;
				DEBUG_INFORMATION_FORMAT = dwarf;
				ENABLE_STRICT_OBJC_MSGSEND = YES;
				ENABLE_TESTABILITY = YES;
				GCC_C_LANGUAGE_STANDARD = gnu11;
				GCC_DYNAMIC_NO_PIC = NO;
				GCC_NO_COMMON_BLOCKS = YES;
				GCC_OPTIMIZATION_LEVEL = 0;
				GCC_PREPROCESSOR_DEFINITIONS = (
					"DEBUG=1",
					"$(inherited)",
				);
				GCC_WARN_64_TO_32_BIT_CONVERSION = YES;
				GCC_WARN_ABOUT_RETURN_TYPE = YES_ERROR;
				GCC_WARN_UNDECLARED_SELECTOR = YES;
				GCC_WARN_UNINITIALIZED_AUTOS = YES_AGGRESSIVE;
				GCC_WARN_UNUSED_FUNCTION = YES;
				GCC_WARN_UNUSED_VARIABLE = YES;
				IPHONEOS_DEPLOYMENT_TARGET = 15.5;
				MTL_ENABLE_DEBUG_INFO = INCLUDE_SOURCE;
				MTL_FAST_MATH = YES;
				ONLY_ACTIVE_ARCH = YES;
				SDKROOT = iphoneos;
				SWIFT_ACTIVE_COMPILATION_CONDITIONS = DEBUG;
				SWIFT_OPTIMIZATION_LEVEL = "-Onone";
			};
			name = Debug;
		};
		CE9F966C287FA66F00783324 /* Release */ = {
			isa = XCBuildConfiguration;
			buildSettings = {
				ALWAYS_SEARCH_USER_PATHS = NO;
				CLANG_ANALYZER_NONNULL = YES;
				CLANG_ANALYZER_NUMBER_OBJECT_CONVERSION = YES_AGGRESSIVE;
				CLANG_CXX_LANGUAGE_STANDARD = "gnu++17";
				CLANG_ENABLE_MODULES = YES;
				CLANG_ENABLE_OBJC_ARC = YES;
				CLANG_ENABLE_OBJC_WEAK = YES;
				CLANG_WARN_BLOCK_CAPTURE_AUTORELEASING = YES;
				CLANG_WARN_BOOL_CONVERSION = YES;
				CLANG_WARN_COMMA = YES;
				CLANG_WARN_CONSTANT_CONVERSION = YES;
				CLANG_WARN_DEPRECATED_OBJC_IMPLEMENTATIONS = YES;
				CLANG_WARN_DIRECT_OBJC_ISA_USAGE = YES_ERROR;
				CLANG_WARN_DOCUMENTATION_COMMENTS = YES;
				CLANG_WARN_EMPTY_BODY = YES;
				CLANG_WARN_ENUM_CONVERSION = YES;
				CLANG_WARN_INFINITE_RECURSION = YES;
				CLANG_WARN_INT_CONVERSION = YES;
				CLANG_WARN_NON_LITERAL_NULL_CONVERSION = YES;
				CLANG_WARN_OBJC_IMPLICIT_RETAIN_SELF = YES;
				CLANG_WARN_OBJC_LITERAL_CONVERSION = YES;
				CLANG_WARN_OBJC_ROOT_CLASS = YES_ERROR;
				CLANG_WARN_QUOTED_INCLUDE_IN_FRAMEWORK_HEADER = YES;
				CLANG_WARN_RANGE_LOOP_ANALYSIS = YES;
				CLANG_WARN_STRICT_PROTOTYPES = YES;
				CLANG_WARN_SUSPICIOUS_MOVE = YES;
				CLANG_WARN_UNGUARDED_AVAILABILITY = YES_AGGRESSIVE;
				CLANG_WARN_UNREACHABLE_CODE = YES;
				CLANG_WARN__DUPLICATE_METHOD_MATCH = YES;
				COPY_PHASE_STRIP = NO;
				DEBUG_INFORMATION_FORMAT = "dwarf-with-dsym";
				ENABLE_NS_ASSERTIONS = NO;
				ENABLE_STRICT_OBJC_MSGSEND = YES;
				GCC_C_LANGUAGE_STANDARD = gnu11;
				GCC_NO_COMMON_BLOCKS = YES;
				GCC_WARN_64_TO_32_BIT_CONVERSION = YES;
				GCC_WARN_ABOUT_RETURN_TYPE = YES_ERROR;
				GCC_WARN_UNDECLARED_SELECTOR = YES;
				GCC_WARN_UNINITIALIZED_AUTOS = YES_AGGRESSIVE;
				GCC_WARN_UNUSED_FUNCTION = YES;
				GCC_WARN_UNUSED_VARIABLE = YES;
				IPHONEOS_DEPLOYMENT_TARGET = 15.5;
				MTL_ENABLE_DEBUG_INFO = NO;
				MTL_FAST_MATH = YES;
				SDKROOT = iphoneos;
				SWIFT_COMPILATION_MODE = wholemodule;
				SWIFT_OPTIMIZATION_LEVEL = "-O";
				VALIDATE_PRODUCT = YES;
			};
			name = Release;
		};
/* End XCBuildConfiguration section */

/* Begin XCConfigurationList section */
		CE6A237E28FBDD06004E7EA7 /* Build configuration list for PBXNativeTarget "Puhaha" */ = {
			isa = XCConfigurationList;
			buildConfigurations = (
				CE6A237F28FBDD06004E7EA7 /* Debug */,
				CE6A238028FBDD06004E7EA7 /* Release */,
			);
			defaultConfigurationIsVisible = 0;
			defaultConfigurationName = Release;
		};
		CE9F9654287FA66C00783324 /* Build configuration list for PBXProject "Puhaha" */ = {
			isa = XCConfigurationList;
			buildConfigurations = (
				CE9F966B287FA66F00783324 /* Debug */,
				CE9F966C287FA66F00783324 /* Release */,
			);
			defaultConfigurationIsVisible = 0;
			defaultConfigurationName = Release;
		};
/* End XCConfigurationList section */

/* Begin XCRemoteSwiftPackageReference section */
		CE33B7892895755E0054F9CD /* XCRemoteSwiftPackageReference "firebase-ios-sdk" */ = {
			isa = XCRemoteSwiftPackageReference;
			repositoryURL = "https://github.com/firebase/firebase-ios-sdk";
			requirement = {
				branch = master;
				kind = branch;
			};
		};
		CE6A233028FBDD06004E7EA7 /* XCRemoteSwiftPackageReference "firebase-ios-sdk" */ = {
			isa = XCRemoteSwiftPackageReference;
			repositoryURL = "https://github.com/firebase/firebase-ios-sdk";
			requirement = {
				branch = master;
				kind = branch;
			};
		};
/* End XCRemoteSwiftPackageReference section */

/* Begin XCSwiftPackageProductDependency section */
		CE6A232F28FBDD06004E7EA7 /* FirebaseAnalytics */ = {
			isa = XCSwiftPackageProductDependency;
			package = CE6A233028FBDD06004E7EA7 /* XCRemoteSwiftPackageReference "firebase-ios-sdk" */;
			productName = FirebaseAnalytics;
		};
		CE6A233128FBDD06004E7EA7 /* FirebaseAuth */ = {
			isa = XCSwiftPackageProductDependency;
			package = CE6A233028FBDD06004E7EA7 /* XCRemoteSwiftPackageReference "firebase-ios-sdk" */;
			productName = FirebaseAuth;
		};
		CE6A233228FBDD06004E7EA7 /* FirebaseFirestore */ = {
			isa = XCSwiftPackageProductDependency;
			package = CE6A233028FBDD06004E7EA7 /* XCRemoteSwiftPackageReference "firebase-ios-sdk" */;
			productName = FirebaseFirestore;
		};
		CE6A233328FBDD06004E7EA7 /* FirebaseFirestoreSwift */ = {
			isa = XCSwiftPackageProductDependency;
			package = CE6A233028FBDD06004E7EA7 /* XCRemoteSwiftPackageReference "firebase-ios-sdk" */;
			productName = FirebaseFirestoreSwift;
		};
		CE6A233428FBDD06004E7EA7 /* FirebaseStorage */ = {
		CE869DCC29191D8A00DC93E6 /* FirebaseMessaging */ = {
			isa = XCSwiftPackageProductDependency;
			package = CE869DC329191D8A00DC93E6 /* XCRemoteSwiftPackageReference "firebase-ios-sdk" */;
			productName = FirebaseMessaging;
		};
			isa = XCSwiftPackageProductDependency;
			package = CE6A233028FBDD06004E7EA7 /* XCRemoteSwiftPackageReference "firebase-ios-sdk" */;
			productName = FirebaseStorage;
		};
/* End XCSwiftPackageProductDependency section */
	};
	rootObject = CE9F9651287FA66C00783324 /* Project object */;
}
